<?xml version="1.0" encoding="utf-8"?>
<Project ToolsVersion="4.0" xmlns="http://schemas.microsoft.com/developer/msbuild/2003">
  <ItemGroup>
    <Filter Include="Source Files">
      <UniqueIdentifier>{b25c21a7-d95b-4891-bc3c-fe43c4477233}</UniqueIdentifier>
      <Extensions>cpp;c;cxx;rc;def;r;odl;idl;hpj;bat</Extensions>
    </Filter>
    <Filter Include="Header Files">
      <UniqueIdentifier>{8a89c2a8-4a1b-4d5b-a5c8-d3ecc6a82bb9}</UniqueIdentifier>
      <Extensions>h;hpp;hxx;hm;inl</Extensions>
    </Filter>
    <Filter Include="Resource Files">
      <UniqueIdentifier>{f75f7867-b1e2-4e44-ab06-4987be930c9f}</UniqueIdentifier>
      <Extensions>ico;cur;bmp;dlg;rc2;rct;bin;rgs;gif;jpg;jpeg;jpe</Extensions>
    </Filter>
    <Filter Include="Export">
      <UniqueIdentifier>{bc1a97d8-a669-4f7f-a0b8-4d1cf29eaeae}</UniqueIdentifier>
    </Filter>
  </ItemGroup>
  <ItemGroup>
    <ClCompile Include="GridCtrlApp.cpp">
      <Filter>Source Files</Filter>
    </ClCompile>
    <ClCompile Include="GridButton.cpp">
      <Filter>Source Files</Filter>
    </ClCompile>
    <ClCompile Include="GridCell.cpp">
      <Filter>Source Files</Filter>
    </ClCompile>
    <ClCompile Include="GridCellBase.cpp">
      <Filter>Source Files</Filter>
    </ClCompile>
    <ClCompile Include="GridCellCheck.cpp">
      <Filter>Source Files</Filter>
    </ClCompile>
    <ClCompile Include="GridCellCheck2.cpp">
      <Filter>Source Files</Filter>
    </ClCompile>
    <ClCompile Include="GridCtrl.cpp">
      <Filter>Source Files</Filter>
    </ClCompile>
    <ClCompile Include="GridDropTarget.cpp">
      <Filter>Source Files</Filter>
    </ClCompile>
    <ClCompile Include="GridSlideBox.cpp">
      <Filter>Source Files</Filter>
    </ClCompile>
    <ClCompile Include="GridSortingCellCheck.cpp">
      <Filter>Source Files</Filter>
    </ClCompile>
    <ClCompile Include="InPlaceEdit.cpp">
      <Filter>Source Files</Filter>
    </ClCompile>
    <ClCompile Include="StdAfx.cpp">
      <Filter>Source Files</Filter>
    </ClCompile>
    <ClCompile Include="TitleTip.cpp">
      <Filter>Source Files</Filter>
    </ClCompile>
    <ClCompile Include="GridCellCombo.cpp">
      <Filter>Source Files</Filter>
    </ClCompile>
    <ClCompile Include="GridCellDateTime.cpp">
      <Filter>Source Files</Filter>
    </ClCompile>
    <ClCompile Include="GridCellNumeric.cpp">
      <Filter>Source Files</Filter>
    </ClCompile>
    <ClCompile Include="GridURLCell.cpp">
      <Filter>Source Files</Filter>
    </ClCompile>
    <ClCompile Include="GridCellImage.cpp">
      <Filter>Source Files</Filter>
    </ClCompile>
    <ClCompile Include="GridTreeCell.cpp">
      <Filter>Source Files</Filter>
    </ClCompile>
    <ClCompile Include="GridTreeCellBase.cpp">
      <Filter>Source Files</Filter>
    </ClCompile>
    <ClCompile Include="TreeColumn.cpp">
      <Filter>Source Files</Filter>
    </ClCompile>
  </ItemGroup>
  <ItemGroup>
    <None Include="res\GridCtrl.rc2">
      <Filter>Resource Files</Filter>
    </None>
  </ItemGroup>
  <ItemGroup>
    <ResourceCompile Include="GridCtrl.rc">
      <Filter>Source Files</Filter>
    </ResourceCompile>
  </ItemGroup>
  <ItemGroup>
    <ClInclude Include="GridCtrlApp.h">
      <Filter>Header Files</Filter>
    </ClInclude>
    <ClInclude Include="MemDC.h">
      <Filter>Header Files</Filter>
    </ClInclude>
    <ClInclude Include="Resource.h">
      <Filter>Header Files</Filter>
    </ClInclude>
    <ClInclude Include="StdAfx.h">
      <Filter>Header Files</Filter>
    </ClInclude>
    <ClInclude Include="TitleTip.h">
      <Filter>Header Files</Filter>
    </ClInclude>
    <ClInclude Include="InPlaceEdit.h">
      <Filter>Export</Filter>
    </ClInclude>
    <ClInclude Include="GridURLCell.h">
      <Filter>Export</Filter>
    </ClInclude>
    <ClInclude Include="GridSortingCellCheck.h">
      <Filter>Export</Filter>
    </ClInclude>
    <ClInclude Include="GridSlideBox.h">
      <Filter>Export</Filter>
    </ClInclude>
    <ClInclude Include="GridDropTarget.h">
      <Filter>Export</Filter>
    </ClInclude>
    <ClInclude Include="GridCtrl.h">
      <Filter>Export</Filter>
    </ClInclude>
    <ClInclude Include="GridCellNumeric.h">
      <Filter>Export</Filter>
    </ClInclude>
    <ClInclude Include="GridCellDateTime.h">
      <Filter>Export</Filter>
    </ClInclude>
    <ClInclude Include="GridCellCombo.h">
      <Filter>Export</Filter>
    </ClInclude>
    <ClInclude Include="GridCellCheck2.h">
      <Filter>Export</Filter>
    </ClInclude>
    <ClInclude Include="GridCellCheck.h">
      <Filter>Export</Filter>
    </ClInclude>
    <ClInclude Include="GridCellBase.h">
      <Filter>Export</Filter>
    </ClInclude>
    <ClInclude Include="GridCell.h">
      <Filter>Export</Filter>
    </ClInclude>
    <ClInclude Include="GridButton.h">
      <Filter>Export</Filter>
    </ClInclude>
    <ClInclude Include="CellRange.h">
      <Filter>Export</Filter>
    </ClInclude>
    <ClInclude Include="_libsetup.h">
      <Filter>Export</Filter>
    </ClInclude>
    <ClInclude Include="TreeColumn.h">
      <Filter>Export</Filter>
    </ClInclude>
    <ClInclude Include="GridTreeCellBase.h">
      <Filter>Export</Filter>
    </ClInclude>
    <ClInclude Include="GridTreeCell.h">
      <Filter>Export</Filter>
    </ClInclude>
    <ClInclude Include="GridCellImage.h">
      <Filter>Export</Filter>
    </ClInclude>
    <ClInclude Include="_buildsetup.h">
      <Filter>Header Files</Filter>
    </ClInclude>
  </ItemGroup>
  <ItemGroup>
    <Text Include="ReadMe.txt" />
  </ItemGroup>
</Project>