<?xml version="1.0" encoding="utf-8"?>
<Project ToolsVersion="4.0" xmlns="http://schemas.microsoft.com/developer/msbuild/2003">
  <ItemGroup>
    <Filter Include="Source Files">
      <UniqueIdentifier>{4FC737F1-C7A5-4376-A066-2A32D752A2FF}</UniqueIdentifier>
      <Extensions>cpp;c;cc;cxx;def;odl;idl;hpj;bat;asm;asmx</Extensions>
    </Filter>
    <Filter Include="Header Files">
      <UniqueIdentifier>{93995380-89BD-4b04-88EB-625FBE52EBFB}</UniqueIdentifier>
      <Extensions>h;hh;hpp;hxx;hm;inl;inc;ipp;xsd</Extensions>
    </Filter>
    <Filter Include="Resource Files">
      <UniqueIdentifier>{67DA6AB6-F800-4c08-8B7A-83BB121AAD01}</UniqueIdentifier>
      <Extensions>rc;ico;cur;bmp;dlg;rc2;rct;bin;rgs;gif;jpg;jpeg;jpe;resx;tiff;tif;png;wav;mfcribbon-ms</Extensions>
    </Filter>
    <Filter Include="Sub Dialog">
      <UniqueIdentifier>{e6caee35-3f49-47c0-b1ca-46bb8128b74f}</UniqueIdentifier>
    </Filter>
  </ItemGroup>
  <ItemGroup>
    <ClCompile Include="VisionEdgeAlign.cpp">
      <Filter>Source Files</Filter>
    </ClCompile>
    <ClCompile Include="stdafx.cpp">
      <Filter>Source Files</Filter>
    </ClCompile>
    <ClCompile Include="Para.cpp">
      <Filter>Source Files</Filter>
    </ClCompile>
    <ClCompile Include="Inspection.cpp">
      <Filter>Source Files</Filter>
    </ClCompile>
    <ClCompile Include="Inspection_Impl.cpp">
      <Filter>Source Files</Filter>
    </ClCompile>
    <ClCompile Include="PropertyGrid.cpp">
      <Filter>Source Files</Filter>
    </ClCompile>
    <ClCompile Include="PropertyGrid_Impl.cpp">
      <Filter>Source Files</Filter>
    </ClCompile>
    <ClCompile Include="Result_2DEmpty.cpp">
      <Filter>Source Files</Filter>
    </ClCompile>
    <ClCompile Include="Result_EdgeAlign.cpp">
      <Filter>Source Files</Filter>
    </ClCompile>
    <ClCompile Include="DlgSearchRoiPara.cpp">
      <Filter>Sub Dialog</Filter>
    </ClCompile>
    <ClCompile Include="CDlgAutoFocusImageSet.cpp">
      <Filter>Source Files</Filter>
    </ClCompile>
  </ItemGroup>
  <ItemGroup>
    <None Include="VisionEdgeAlign.def">
      <Filter>Source Files</Filter>
    </None>
    <None Include="res\VisionEdgeAlign.rc2">
      <Filter>Resource Files</Filter>
    </None>
  </ItemGroup>
  <ItemGroup>
    <ClInclude Include="stdafx.h">
      <Filter>Header Files</Filter>
    </ClInclude>
    <ClInclude Include="Resource.h">
      <Filter>Header Files</Filter>
    </ClInclude>
    <ClInclude Include="VisionEdgeAlign.h">
      <Filter>Header Files</Filter>
    </ClInclude>
    <ClInclude Include="Para.h">
      <Filter>Header Files</Filter>
    </ClInclude>
    <ClInclude Include="Inspection.h">
      <Filter>Header Files</Filter>
    </ClInclude>
    <ClInclude Include="Inspection_Impl.h">
      <Filter>Header Files</Filter>
    </ClInclude>
    <ClInclude Include="PropertyGrid.h">
      <Filter>Header Files</Filter>
    </ClInclude>
    <ClInclude Include="PropertyGrid_Impl.h">
      <Filter>Header Files</Filter>
    </ClInclude>
    <ClInclude Include="Result_2DEmpty.h">
      <Filter>Header Files</Filter>
    </ClInclude>
    <ClInclude Include="Result_EdgeAlign.h">
      <Filter>Header Files</Filter>
    </ClInclude>
    <ClInclude Include="DlgSearchRoiPara.h">
      <Filter>Sub Dialog</Filter>
    </ClInclude>
    <ClInclude Include="CDlgAutoFocusImageSet.h">
      <Filter>Header Files</Filter>
    </ClInclude>
    <ClInclude Include="_buildsetup.h">
      <Filter>Header Files</Filter>
    </ClInclude>
    <ClInclude Include="_libsetup.h">
      <Filter>Header Files</Filter>
    </ClInclude>
  </ItemGroup>
  <ItemGroup>
    <ResourceCompile Include="VisionEdgeAlign.rc">
      <Filter>Resource Files</Filter>
    </ResourceCompile>
  </ItemGroup>
</Project>