
Microsoft Visual Studio Solution File, Format Version 12.00
# Visual Studio Version 17
VisualStudioVersion = 17.10.35122.118
MinimumVisualStudioVersion = 10.0.40219.1
Project("{2150E333-8FDC-42A3-9474-1A3956D46DE8}") = "InspectionItems", "InspectionItems", "{44874028-B619-496D-8AEE-C5E0B0C7AC77}"
	ProjectSection(SolutionItems) = preProject
		InspectionItems\_buildsetup.h = InspectionItems\_buildsetup.h
	EndProjectSection
EndProject
Project("{2150E333-8FDC-42A3-9474-1A3956D46DE8}") = "DefineModules", "DefineModules", "{F869112C-B777-4EBE-82F6-C2CCA6F71A1E}"
	ProjectSection(SolutionItems) = preProject
		DefineModules\_buildsetup.h = DefineModules\_buildsetup.h
	EndProjectSection
EndProject
Project("{2150E333-8FDC-42A3-9474-1A3956D46DE8}") = "Release Notes", "Release Notes", "{F0E2436C-04C7-4D73-922B-8284659E0D7E}"
	ProjectSection(SolutionItems) = preProject
		ReleaseNotes.txt = ReleaseNotes.txt
	EndProjectSection
EndProject
Project("{8BC9CEB8-8B4A-11D0-8D11-00A0C91BC942}") = "Apple", "Apple\Apple.vcxproj", "{AE7A01AF-A8E2-471D-B53C-E6F25660AE74}"
EndProject
Project("{2150E333-8FDC-42A3-9474-1A3956D46DE8}") = "[] Unit Test", "[] Unit Test", "{D8BEA525-1735-4A0E-AE02-A300781B989F}"
	ProjectSection(SolutionItems) = preProject
		UnitTest\UnitTestCommon.h = UnitTest\UnitTestCommon.h
		UnitTest\_buildsetup.h = UnitTest\_buildsetup.h
	EndProjectSection
EndProject
Project("{8BC9CEB8-8B4A-11D0-8D11-00A0C91BC942}") = "UnitTest.VisionSurface", "UnitTest\UnitTest.VisionSurface\UnitTest.VisionSurface.vcxproj", "{A083BA0E-ACEB-4E0C-97E2-3576DE40AF11}"
EndProject
Project("{8BC9CEB8-8B4A-11D0-8D11-00A0C91BC942}") = "UnitTest.ippModules", "UnitTest\UnitTest.ippModules\UnitTest.ippModules.vcxproj", "{789F7B29-2883-495C-8FF4-AAB7F04DA521}"
EndProject
Project("{8BC9CEB8-8B4A-11D0-8D11-00A0C91BC942}") = "UnitTest.Blob", "UnitTest\UnitTest.Blob\UnitTest.Blob.vcxproj", "{355D551B-0E1F-41FD-8F99-6AE55D63E30A}"
EndProject
Project("{2150E333-8FDC-42A3-9474-1A3956D46DE8}") = "Solution Items", "Solution Items", "{9FF4E738-C287-49B6-8F65-B0281E928956}"
	ProjectSection(SolutionItems) = preProject
		.clang-format = .clang-format
		.editorconfig = .editorconfig
		.gitattributes = .gitattributes
		.gitignore = .gitignore
		.gitmodules = .gitmodules
		Directory.Build.props = Directory.Build.props
		Preprocessor.h = Preprocessor.h
		ReleaseNotes.txt = ReleaseNotes.txt
		StandardFormatting.ps1 = StandardFormatting.ps1
		StaticAnalysis.cppcheck = StaticAnalysis.cppcheck
		UtilityMacroFunction.h = UtilityMacroFunction.h
		VersionInfo.h = VersionInfo.h
		_buildsetup.h = _buildsetup.h
	EndProjectSection
EndProject
Project("{8BC9CEB8-8B4A-11D0-8D11-00A0C91BC942}") = "UnitTest.Geometry", "UnitTest\UnitTest.Geometry\UnitTest.Geometry.vcxproj", "{0C5B9990-998C-4DB6-BE9A-2D0F4D2E7964}"
EndProject
Project("{2150E333-8FDC-42A3-9474-1A3956D46DE8}") = "ProcessingItems", "ProcessingItems", "{117E7F0D-B5E1-40DC-B6C3-A979AC7BE86A}"
	ProjectSection(SolutionItems) = preProject
		ProcessingItems\_buildsetup.h = ProcessingItems\_buildsetup.h
	EndProjectSection
EndProject
Project("{8BC9CEB8-8B4A-11D0-8D11-00A0C91BC942}") = "VisionProcessingFOV", "ProcessingItems\VisionProcessingFOV\VisionProcessingFOV.vcxproj", "{A9EF534F-6263-4845-A4CC-523F95939D1B}"
EndProject
Project("{8BC9CEB8-8B4A-11D0-8D11-00A0C91BC942}") = "VisionInspectionGeometry", "InspectionItems\VisionInspectionGeometry\VisionInspectionGeometry.vcxproj", "{99867BB2-5219-4818-9F02-13A4A1EAFDDA}"
EndProject
Project("{8BC9CEB8-8B4A-11D0-8D11-00A0C91BC942}") = "VisionInspectionSurface", "InspectionItems\VisionInspectionSurface\VisionInspectionSurface.vcxproj", "{6647163E-85B0-4AC8-91E1-7A399393EB80}"
EndProject
Project("{2150E333-8FDC-42A3-9474-1A3956D46DE8}") = "UserInterfaceModules", "UserInterfaceModules", "{21D3E4DB-1FAB-42C9-90B1-6BFFC4BBD35B}"
	ProjectSection(SolutionItems) = preProject
		UserInterfaceModules\_buildsetup.h = UserInterfaceModules\_buildsetup.h
	EndProjectSection
EndProject
Project("{8BC9CEB8-8B4A-11D0-8D11-00A0C91BC942}") = "ImageLotView", "UserInterfaceModules\ImageLotView\ImageLotView.vcxproj", "{4B3E828E-CD63-4BF3-A727-132425C3F6B5}"
EndProject
Project("{8BC9CEB8-8B4A-11D0-8D11-00A0C91BC942}") = "ProcessingCommonDialog", "UserInterfaceModules\ProcessingCommonDialog\ProcessingCommonDialog.vcxproj", "{424FDF1A-EF1C-4A33-A1D4-5234F2C2220A}"
EndProject
Project("{8BC9CEB8-8B4A-11D0-8D11-00A0C91BC942}") = "VisionProcessingGlobalMaskMaker", "ProcessingItems\VisionProcessingGlobalMaskMaker\VisionProcessingGlobalMaskMaker.vcxproj", "{024B7611-E853-4208-8A56-5ABB6D1A1F2B}"
EndProject
Project("{8BC9CEB8-8B4A-11D0-8D11-00A0C91BC942}") = "ImageViewEx", "UserInterfaceModules\ImageViewEx\ImageViewEx.vcxproj", "{4B2C7171-833B-413B-88AE-B29152284670}"
EndProject
Project("{8BC9CEB8-8B4A-11D0-8D11-00A0C91BC942}") = "VisionProcessingMapDataEditor", "ProcessingItems\VisionProcessingMapDataEditor\VisionProcessingMapDataEditor.vcxproj", "{3B4EB5AC-6B01-450C-BEFA-E714AF170EB0}"
EndProject
Project("{8BC9CEB8-8B4A-11D0-8D11-00A0C91BC942}") = "SimulatorForTest", "UnitTest\SimulatorForTest\SimulatorForTest.vcxproj", "{A6772721-C31F-4EAA-A8E0-251F2EB67D83}"
EndProject
Project("{8BC9CEB8-8B4A-11D0-8D11-00A0C91BC942}") = "CommonControlExtension", "UserInterfaceModules\CommonControlExtension\CommonControlExtension.vcxproj", "{19308C1A-BB8F-4CFE-8956-65246E963EC2}"
EndProject
Project("{2150E333-8FDC-42A3-9474-1A3956D46DE8}") = "MainUiModules", "MainUiModules", "{0AEF91A3-3BB7-4E60-BCEA-6643E68C614E}"
	ProjectSection(SolutionItems) = preProject
		MainUiModules\_buildsetup.h = MainUiModules\_buildsetup.h
	EndProjectSection
EndProject
Project("{2150E333-8FDC-42A3-9474-1A3956D46DE8}") = "ManagementModules", "ManagementModules", "{BBB08A86-9800-420D-B7EC-F60A6ACDEC2A}"
	ProjectSection(SolutionItems) = preProject
		ManagementModules\_buildsetup.h = ManagementModules\_buildsetup.h
	EndProjectSection
EndProject
Project("{2150E333-8FDC-42A3-9474-1A3956D46DE8}") = "MemoryModules", "MemoryModules", "{A7D65945-3636-4AF6-A463-ACB0F60DEFD5}"
	ProjectSection(SolutionItems) = preProject
		MemoryModules\_buildsetup.h = MemoryModules\_buildsetup.h
	EndProjectSection
EndProject
Project("{8BC9CEB8-8B4A-11D0-8D11-00A0C91BC942}") = "VisionReusableMemory", "MemoryModules\VisionReusableMemory\VisionReusableMemory.vcxproj", "{6FA03858-0172-4BDD-86EB-A140A86B43BD}"
EndProject
Project("{2150E333-8FDC-42A3-9474-1A3956D46DE8}") = "InformationModule", "InformationModule", "{E58C6F53-50A3-4CC2-A955-E19107B2F897}"
	ProjectSection(SolutionItems) = preProject
		InformationModule\_buildsetup.h = InformationModule\_buildsetup.h
	EndProjectSection
EndProject
Project("{8BC9CEB8-8B4A-11D0-8D11-00A0C91BC942}") = "dPI_DataBase", "InformationModule\dPI_DataBase\dPI_DataBase.vcxproj", "{95763156-79B7-4D7B-873C-69625C8CC0F3}"
EndProject
Project("{8BC9CEB8-8B4A-11D0-8D11-00A0C91BC942}") = "dPI_SystemIni", "InformationModule\dPI_SystemIni\dPI_SystemIni.vcxproj", "{58AC8A48-308B-459D-9BB1-4AA989BDC0FB}"
EndProject
Project("{2150E333-8FDC-42A3-9474-1A3956D46DE8}") = "HardwareModules", "HardwareModules", "{BE8C56D8-5895-4894-8593-E16CF10C8C70}"
	ProjectSection(SolutionItems) = preProject
		HardwareModules\_buildsetup.h = HardwareModules\_buildsetup.h
	EndProjectSection
EndProject
Project("{8BC9CEB8-8B4A-11D0-8D11-00A0C91BC942}") = "dPI_Framegrabber", "HardwareModules\dPI_Framegrabber\dPI_Framegrabber.vcxproj", "{AFAB912E-AA1F-4DD8-882F-316F106433B4}"
EndProject
Project("{8BC9CEB8-8B4A-11D0-8D11-00A0C91BC942}") = "dPI_SyncController", "HardwareModules\dPI_SyncController\dPI_SyncController.vcxproj", "{BE4CB4EB-6829-4E4A-9C22-AF270EA92CA8}"
EndProject
Project("{2150E333-8FDC-42A3-9474-1A3956D46DE8}") = "AlgorithmModules", "AlgorithmModules", "{D88340E2-EA0B-44D7-AC03-0D0B1FBA475A}"
	ProjectSection(SolutionItems) = preProject
		AlgorithmModules\_buildsetup.h = AlgorithmModules\_buildsetup.h
	EndProjectSection
EndProject
Project("{8BC9CEB8-8B4A-11D0-8D11-00A0C91BC942}") = "dPI_Blob", "AlgorithmModules\dPI_Blob\dPI_Blob.vcxproj", "{8813E619-84E1-4941-B9E6-5DD4D1146930}"
EndProject
Project("{8BC9CEB8-8B4A-11D0-8D11-00A0C91BC942}") = "dPI_EdgeDetect", "AlgorithmModules\dPI_EdgeDetect\dPI_EdgeDetect.vcxproj", "{4FDC6D51-0C08-46BA-9C90-7F6421D733C3}"
EndProject
Project("{8BC9CEB8-8B4A-11D0-8D11-00A0C91BC942}") = "dPI_Geometry", "AlgorithmModules\dPI_Geometry\dPI_Geometry.vcxproj", "{858EB41B-86DB-4E9B-BD18-865BB5B3F7C3}"
EndProject
Project("{2150E333-8FDC-42A3-9474-1A3956D46DE8}") = "ImageCombineModules", "ImageCombineModules", "{743FF543-1FAE-4AA6-814B-B7E6C32404C8}"
	ProjectSection(SolutionItems) = preProject
		ImageCombineModules\_buildsetup.h = ImageCombineModules\_buildsetup.h
	EndProjectSection
EndProject
Project("{8BC9CEB8-8B4A-11D0-8D11-00A0C91BC942}") = "dPI_ImageCombine", "ImageCombineModules\dPI_ImageCombine\dPI_ImageCombine.vcxproj", "{3F0A14EE-D464-466A-9109-09EEA5D5B63E}"
EndProject
Project("{8BC9CEB8-8B4A-11D0-8D11-00A0C91BC942}") = "dPI_ippModules", "ImageCombineModules\dPI_ippModules\dPI_ippModules.vcxproj", "{CB666CCA-D710-42E7-9F9E-88C82B9B0C72}"
EndProject
Project("{2150E333-8FDC-42A3-9474-1A3956D46DE8}") = "VisionNeedLibrary", "VisionNeedLibrary", "{6185B0F7-08C9-4AB5-89DA-C31D5B39807D}"
	ProjectSection(SolutionItems) = preProject
		VisionNeedLibrary\_buildsetup.h = VisionNeedLibrary\_buildsetup.h
	EndProjectSection
EndProject
Project("{8BC9CEB8-8B4A-11D0-8D11-00A0C91BC942}") = "VisionCommon", "VisionNeedLibrary\VisionCommon\VisionCommon.vcxproj", "{26AA5039-4B3D-46D5-ADB6-F1FF5563D676}"
EndProject
Project("{8BC9CEB8-8B4A-11D0-8D11-00A0C91BC942}") = "VisionEdgeAlign", "VisionNeedLibrary\VisionEdgeAlign\VisionEdgeAlign.vcxproj", "{099100B4-D2E4-4F1C-906A-D23EA7E86EBF}"
EndProject
Project("{2150E333-8FDC-42A3-9474-1A3956D46DE8}") = "SharedComponent", "SharedComponent", "{FCFC15F8-0E16-4D54-B936-136319B839DF}"
	ProjectSection(SolutionItems) = preProject
		SharedComponent\.git = SharedComponent\.git
		SharedComponent\.gitattributes = SharedComponent\.gitattributes
		SharedComponent\.gitignore = SharedComponent\.gitignore
		SharedComponent\README.md = SharedComponent\README.md
		SharedComponent\_buildsetup.h = SharedComponent\_buildsetup.h
	EndProjectSection
EndProject
Project("{8BC9CEB8-8B4A-11D0-8D11-00A0C91BC942}") = "SharedComponent.Button", "SharedComponent\Button\Button.v17.vcxproj", "{10CA9175-505F-4C2F-92CB-1A711990403D}"
EndProject
Project("{8BC9CEB8-8B4A-11D0-8D11-00A0C91BC942}") = "SharedComponent.IntelSpecific", "SharedComponent\IntelSpecific\IntelSpecific.v17.vcxproj", "{00585A33-BBA6-49E4-B883-8ECEEF19074E}"
EndProject
Project("{8BC9CEB8-8B4A-11D0-8D11-00A0C91BC942}") = "SharedComponent.Label", "SharedComponent\Label\Label.v17.vcxproj", "{9741E042-F69D-4AA9-AF44-6428AC30C5A2}"
EndProject
Project("{8BC9CEB8-8B4A-11D0-8D11-00A0C91BC942}") = "SharedComponent.Persistence", "SharedComponent\Persistence\Persistence.v17.vcxproj", "{0D8D228A-41EA-4691-886C-41227E2B31D5}"
EndProject
Project("{8BC9CEB8-8B4A-11D0-8D11-00A0C91BC942}") = "SharedComponent.Serialization", "SharedComponent\Serialization\Serialization.v17.vcxproj", "{B7554187-B6D4-495B-8138-6E896733AA36}"
EndProject
Project("{8BC9CEB8-8B4A-11D0-8D11-00A0C91BC942}") = "dA_Base", "DefineModules\dA_Base\dA_Base.vcxproj", "{632A3D23-61D4-4E9C-B416-446D6B010D02}"
EndProject
Project("{2150E333-8FDC-42A3-9474-1A3956D46DE8}") = "SharedCommonUtilityModules", "SharedCommonUtilityModules", "{756884E4-6FCD-4235-96B1-F237A47BE5FA}"
	ProjectSection(SolutionItems) = preProject
		SharedCommonUtilityModules\.git = SharedCommonUtilityModules\.git
		SharedCommonUtilityModules\.gitattributes = SharedCommonUtilityModules\.gitattributes
		SharedCommonUtilityModules\.gitignore = SharedCommonUtilityModules\.gitignore
		SharedCommonUtilityModules\_buildsetup.h = SharedCommonUtilityModules\_buildsetup.h
	EndProjectSection
EndProject
Project("{2150E333-8FDC-42A3-9474-1A3956D46DE8}") = "SharedCommunicationModules", "SharedCommunicationModules", "{39F70336-1CB5-4C9E-8F5C-CC4ECD0F278F}"
	ProjectSection(SolutionItems) = preProject
		SharedCommunicationModules\.git = SharedCommunicationModules\.git
		SharedCommunicationModules\.gitattributes = SharedCommunicationModules\.gitattributes
		SharedCommunicationModules\.gitignore = SharedCommunicationModules\.gitignore
		SharedCommunicationModules\_buildsetup.h = SharedCommunicationModules\_buildsetup.h
	EndProjectSection
EndProject
Project("{8BC9CEB8-8B4A-11D0-8D11-00A0C91BC942}") = "VisionHostCommon", "SharedCommunicationModules\VisionHostCommon\VisionHostCommon.vcxproj", "{891E342D-D93F-4CB9-A093-FE237A25677A}"
EndProject
Project("{8BC9CEB8-8B4A-11D0-8D11-00A0C91BC942}") = "dPI_GridCtrl", "SharedCommonUtilityModules\dPI_GridCtrl\dPI_GridCtrl.vcxproj", "{B3AB3E4D-13F7-433C-A5A6-935A8EFBCC50}"
EndProject
Project("{8BC9CEB8-8B4A-11D0-8D11-00A0C91BC942}") = "dPI_MsgDialog", "SharedCommonUtilityModules\dPI_MsgDialog\dPI_MsgDialog.vcxproj", "{1CEAFBD1-64E7-4647-BFC4-9117E7E62DE1}"
EndProject
Project("{8BC9CEB8-8B4A-11D0-8D11-00A0C91BC942}") = "SharedComponent.CrashDumper", "SharedComponent\CrashDumper\CrashDumper.v17.vcxproj", "{8AB4D813-050B-4059-AC53-EA0CD6DE7D7A}"
EndProject
Project("{8BC9CEB8-8B4A-11D0-8D11-00A0C91BC942}") = "SharedComponent.CrashHandler", "SharedComponent\CrashHandler\CrashHandler.v17.vcxproj", "{1FA78202-85A1-49B1-A06B-BA2E90F892D7}"
EndProject
Project("{2150E333-8FDC-42A3-9474-1A3956D46DE8}") = "SharedBuildConfiguration", "SharedBuildConfiguration", "{0A243004-F6B0-4EBE-A141-AD56894CE7CE}"
	ProjectSection(SolutionItems) = preProject
		SharedBuildConfiguration\.git = SharedBuildConfiguration\.git
		SharedBuildConfiguration\IntekPlus.Default.v17.props = SharedBuildConfiguration\IntekPlus.Default.v17.props
		SharedBuildConfiguration\README.md = SharedBuildConfiguration\README.md
	EndProjectSection
EndProject
Project("{8BC9CEB8-8B4A-11D0-8D11-00A0C91BC942}") = "iTRV", "iTRV\iTRV.vcxproj", "{99F1E1B5-ADC4-FFF8-0229-54074FD95A29}"
EndProject
Project("{8BC9CEB8-8B4A-11D0-8D11-00A0C91BC942}") = "VisionUnitTR", "ManagementModules\VisionUnitTR\VisionUnitTR.vcxproj", "{F386165B-8FED-406C-8F7C-88E9EC84D5E1}"
EndProject
Project("{8BC9CEB8-8B4A-11D0-8D11-00A0C91BC942}") = "VisionMainTR", "ManagementModules\VisionMainTR\VisionMainTR.vcxproj", "{08DF52D9-2973-409A-BFEA-EC2652FCD551}"
EndProject
Project("{8BC9CEB8-8B4A-11D0-8D11-00A0C91BC942}") = "VisionBatchInspectionUITR", "MainUiModules\VisionBatchInspectionUITR\VisionBatchInspectionUITR.vcxproj", "{918A717D-6F86-4FA6-9BB1-822C61550A38}"
EndProject
Project("{8BC9CEB8-8B4A-11D0-8D11-00A0C91BC942}") = "VisionInlineUITR", "MainUiModules\VisionInlineUITR\VisionInlineUITR.vcxproj", "{5D18BD29-D313-472C-98BB-E3989BBB50DA}"
EndProject
Project("{8BC9CEB8-8B4A-11D0-8D11-00A0C91BC942}") = "VisionPrimaryUITR", "MainUiModules\VisionPrimaryUITR\VisionPrimaryUITR.vcxproj", "{30311915-F405-4EE3-AB76-BCCCDF1F7432}"
EndProject
Project("{8BC9CEB8-8B4A-11D0-8D11-00A0C91BC942}") = "VisionCommonDialogTR", "UserInterfaceModules\VisionCommonDialogTR\VisionCommonDialogTR.vcxproj", "{6A80AEC1-65AA-4B52-AC4D-DBBB2BE29991}"
EndProject
Project("{8BC9CEB8-8B4A-11D0-8D11-00A0C91BC942}") = "VisionProcessingSpecTR", "ProcessingItems\VisionProcessingSpecTR\VisionProcessingSpecTR.vcxproj", "{F4F15B75-B3F6-4535-8D9A-0CAEC9EE9471}"
EndProject
Project("{8BC9CEB8-8B4A-11D0-8D11-00A0C91BC942}") = "VisionInspectionInPocketTR", "InspectionItems\VisionInspectionInPocketTR\VisionInspectionInPocketTR.vcxproj", "{6F03914A-5385-4D8A-86E9-6DCE64F12B98}"
EndProject
Project("{8BC9CEB8-8B4A-11D0-8D11-00A0C91BC942}") = "VisionInspectionOTITR", "InspectionItems\VisionInspectionOTITR\VisionInspectionOTITR.vcxproj", "{97E3EB8A-1EA7-4762-B972-8ED06127D332}"
EndProject
Project("{8BC9CEB8-8B4A-11D0-8D11-00A0C91BC942}") = "VisionInspection2DMatrix", "InspectionItems\VisionInspection2DMatrix\VisionInspection2DMatrix.vcxproj", "{A4F600D4-49C2-4EAF-A5DC-F8CC534CFAAC}"
EndProject
Project("{8BC9CEB8-8B4A-11D0-8D11-00A0C91BC942}") = "VisionProcessingCarrierTapeAlign", "ProcessingItems\VisionProcessingCarrierTapeAlign\VisionProcessingCarrierTapeAlign.vcxproj", "{E26CD1F3-CFC3-4E57-B162-533E616FCAA0}"
EndProject
Project("{8BC9CEB8-8B4A-11D0-8D11-00A0C91BC942}") = "VisionProcessingTapeDetailAlign", "ProcessingItems\VisionProcessingTapeDetailAlign\VisionProcessingTapeDetailAlign.vcxproj", "{097E9075-CD28-4976-B519-F5B1B5215B43}"
EndProject
Global
	GlobalSection(SolutionConfigurationPlatforms) = preSolution
		Debug|x64 = Debug|x64
		Debug|x86 = Debug|x86
		Release|x64 = Release|x64
		Release|x86 = Release|x86
	EndGlobalSection
	GlobalSection(ProjectConfigurationPlatforms) = postSolution
		{AE7A01AF-A8E2-471D-B53C-E6F25660AE74}.Debug|x64.ActiveCfg = Debug|x64
		{AE7A01AF-A8E2-471D-B53C-E6F25660AE74}.Debug|x64.Build.0 = Debug|x64
		{AE7A01AF-A8E2-471D-B53C-E6F25660AE74}.Debug|x86.ActiveCfg = Debug|Win32
		{AE7A01AF-A8E2-471D-B53C-E6F25660AE74}.Debug|x86.Build.0 = Debug|Win32
		{AE7A01AF-A8E2-471D-B53C-E6F25660AE74}.Release|x64.ActiveCfg = Release|x64
		{AE7A01AF-A8E2-471D-B53C-E6F25660AE74}.Release|x64.Build.0 = Release|x64
		{AE7A01AF-A8E2-471D-B53C-E6F25660AE74}.Release|x86.ActiveCfg = Release|Win32
		{AE7A01AF-A8E2-471D-B53C-E6F25660AE74}.Release|x86.Build.0 = Release|Win32
		{A083BA0E-ACEB-4E0C-97E2-3576DE40AF11}.Debug|x64.ActiveCfg = Debug|x64
		{A083BA0E-ACEB-4E0C-97E2-3576DE40AF11}.Debug|x86.ActiveCfg = Debug|Win32
		{A083BA0E-ACEB-4E0C-97E2-3576DE40AF11}.Debug|x86.Build.0 = Debug|Win32
		{A083BA0E-ACEB-4E0C-97E2-3576DE40AF11}.Release|x64.ActiveCfg = Release|x64
		{A083BA0E-ACEB-4E0C-97E2-3576DE40AF11}.Release|x86.ActiveCfg = Release|Win32
		{A083BA0E-ACEB-4E0C-97E2-3576DE40AF11}.Release|x86.Build.0 = Release|Win32
		{789F7B29-2883-495C-8FF4-AAB7F04DA521}.Debug|x64.ActiveCfg = Debug|x64
		{789F7B29-2883-495C-8FF4-AAB7F04DA521}.Debug|x86.ActiveCfg = Debug|Win32
		{789F7B29-2883-495C-8FF4-AAB7F04DA521}.Debug|x86.Build.0 = Debug|Win32
		{789F7B29-2883-495C-8FF4-AAB7F04DA521}.Release|x64.ActiveCfg = Release|x64
		{789F7B29-2883-495C-8FF4-AAB7F04DA521}.Release|x86.ActiveCfg = Release|Win32
		{789F7B29-2883-495C-8FF4-AAB7F04DA521}.Release|x86.Build.0 = Release|Win32
		{355D551B-0E1F-41FD-8F99-6AE55D63E30A}.Debug|x64.ActiveCfg = Debug|x64
		{355D551B-0E1F-41FD-8F99-6AE55D63E30A}.Debug|x86.ActiveCfg = Debug|Win32
		{355D551B-0E1F-41FD-8F99-6AE55D63E30A}.Debug|x86.Build.0 = Debug|Win32
		{355D551B-0E1F-41FD-8F99-6AE55D63E30A}.Release|x64.ActiveCfg = Release|x64
		{355D551B-0E1F-41FD-8F99-6AE55D63E30A}.Release|x86.ActiveCfg = Release|Win32
		{355D551B-0E1F-41FD-8F99-6AE55D63E30A}.Release|x86.Build.0 = Release|Win32
		{0C5B9990-998C-4DB6-BE9A-2D0F4D2E7964}.Debug|x64.ActiveCfg = Debug|x64
		{0C5B9990-998C-4DB6-BE9A-2D0F4D2E7964}.Debug|x86.ActiveCfg = Debug|Win32
		{0C5B9990-998C-4DB6-BE9A-2D0F4D2E7964}.Debug|x86.Build.0 = Debug|Win32
		{0C5B9990-998C-4DB6-BE9A-2D0F4D2E7964}.Release|x64.ActiveCfg = Release|x64
		{0C5B9990-998C-4DB6-BE9A-2D0F4D2E7964}.Release|x86.ActiveCfg = Release|Win32
		{0C5B9990-998C-4DB6-BE9A-2D0F4D2E7964}.Release|x86.Build.0 = Release|Win32
		{A9EF534F-6263-4845-A4CC-523F95939D1B}.Debug|x64.ActiveCfg = Debug|x64
		{A9EF534F-6263-4845-A4CC-523F95939D1B}.Debug|x64.Build.0 = Debug|x64
		{A9EF534F-6263-4845-A4CC-523F95939D1B}.Debug|x86.ActiveCfg = Debug|Win32
		{A9EF534F-6263-4845-A4CC-523F95939D1B}.Debug|x86.Build.0 = Debug|Win32
		{A9EF534F-6263-4845-A4CC-523F95939D1B}.Release|x64.ActiveCfg = Release|x64
		{A9EF534F-6263-4845-A4CC-523F95939D1B}.Release|x64.Build.0 = Release|x64
		{A9EF534F-6263-4845-A4CC-523F95939D1B}.Release|x86.ActiveCfg = Release|Win32
		{A9EF534F-6263-4845-A4CC-523F95939D1B}.Release|x86.Build.0 = Release|Win32
		{99867BB2-5219-4818-9F02-13A4A1EAFDDA}.Debug|x64.ActiveCfg = Debug|x64
		{99867BB2-5219-4818-9F02-13A4A1EAFDDA}.Debug|x64.Build.0 = Debug|x64
		{99867BB2-5219-4818-9F02-13A4A1EAFDDA}.Debug|x86.ActiveCfg = Debug|Win32
		{99867BB2-5219-4818-9F02-13A4A1EAFDDA}.Debug|x86.Build.0 = Debug|Win32
		{99867BB2-5219-4818-9F02-13A4A1EAFDDA}.Release|x64.ActiveCfg = Release|x64
		{99867BB2-5219-4818-9F02-13A4A1EAFDDA}.Release|x64.Build.0 = Release|x64
		{99867BB2-5219-4818-9F02-13A4A1EAFDDA}.Release|x86.ActiveCfg = Release|Win32
		{99867BB2-5219-4818-9F02-13A4A1EAFDDA}.Release|x86.Build.0 = Release|Win32
		{6647163E-85B0-4AC8-91E1-7A399393EB80}.Debug|x64.ActiveCfg = Debug|x64
		{6647163E-85B0-4AC8-91E1-7A399393EB80}.Debug|x64.Build.0 = Debug|x64
		{6647163E-85B0-4AC8-91E1-7A399393EB80}.Debug|x86.ActiveCfg = Debug|Win32
		{6647163E-85B0-4AC8-91E1-7A399393EB80}.Debug|x86.Build.0 = Debug|Win32
		{6647163E-85B0-4AC8-91E1-7A399393EB80}.Release|x64.ActiveCfg = Release|x64
		{6647163E-85B0-4AC8-91E1-7A399393EB80}.Release|x64.Build.0 = Release|x64
		{6647163E-85B0-4AC8-91E1-7A399393EB80}.Release|x86.ActiveCfg = Release|Win32
		{6647163E-85B0-4AC8-91E1-7A399393EB80}.Release|x86.Build.0 = Release|Win32
		{4B3E828E-CD63-4BF3-A727-132425C3F6B5}.Debug|x64.ActiveCfg = Debug|x64
		{4B3E828E-CD63-4BF3-A727-132425C3F6B5}.Debug|x64.Build.0 = Debug|x64
		{4B3E828E-CD63-4BF3-A727-132425C3F6B5}.Debug|x86.ActiveCfg = Debug|Win32
		{4B3E828E-CD63-4BF3-A727-132425C3F6B5}.Debug|x86.Build.0 = Debug|Win32
		{4B3E828E-CD63-4BF3-A727-132425C3F6B5}.Release|x64.ActiveCfg = Release|x64
		{4B3E828E-CD63-4BF3-A727-132425C3F6B5}.Release|x64.Build.0 = Release|x64
		{4B3E828E-CD63-4BF3-A727-132425C3F6B5}.Release|x86.ActiveCfg = Release|Win32
		{4B3E828E-CD63-4BF3-A727-132425C3F6B5}.Release|x86.Build.0 = Release|Win32
		{424FDF1A-EF1C-4A33-A1D4-5234F2C2220A}.Debug|x64.ActiveCfg = Debug|x64
		{424FDF1A-EF1C-4A33-A1D4-5234F2C2220A}.Debug|x64.Build.0 = Debug|x64
		{424FDF1A-EF1C-4A33-A1D4-5234F2C2220A}.Debug|x86.ActiveCfg = Debug|Win32
		{424FDF1A-EF1C-4A33-A1D4-5234F2C2220A}.Debug|x86.Build.0 = Debug|Win32
		{424FDF1A-EF1C-4A33-A1D4-5234F2C2220A}.Release|x64.ActiveCfg = Release|x64
		{424FDF1A-EF1C-4A33-A1D4-5234F2C2220A}.Release|x64.Build.0 = Release|x64
		{424FDF1A-EF1C-4A33-A1D4-5234F2C2220A}.Release|x86.ActiveCfg = Release|Win32
		{424FDF1A-EF1C-4A33-A1D4-5234F2C2220A}.Release|x86.Build.0 = Release|Win32
		{024B7611-E853-4208-8A56-5ABB6D1A1F2B}.Debug|x64.ActiveCfg = Debug|x64
		{024B7611-E853-4208-8A56-5ABB6D1A1F2B}.Debug|x64.Build.0 = Debug|x64
		{024B7611-E853-4208-8A56-5ABB6D1A1F2B}.Debug|x86.ActiveCfg = Debug|Win32
		{024B7611-E853-4208-8A56-5ABB6D1A1F2B}.Debug|x86.Build.0 = Debug|Win32
		{024B7611-E853-4208-8A56-5ABB6D1A1F2B}.Release|x64.ActiveCfg = Release|x64
		{024B7611-E853-4208-8A56-5ABB6D1A1F2B}.Release|x64.Build.0 = Release|x64
		{024B7611-E853-4208-8A56-5ABB6D1A1F2B}.Release|x86.ActiveCfg = Release|Win32
		{024B7611-E853-4208-8A56-5ABB6D1A1F2B}.Release|x86.Build.0 = Release|Win32
		{4B2C7171-833B-413B-88AE-B29152284670}.Debug|x64.ActiveCfg = Debug|x64
		{4B2C7171-833B-413B-88AE-B29152284670}.Debug|x64.Build.0 = Debug|x64
		{4B2C7171-833B-413B-88AE-B29152284670}.Debug|x86.ActiveCfg = Debug|Win32
		{4B2C7171-833B-413B-88AE-B29152284670}.Debug|x86.Build.0 = Debug|Win32
		{4B2C7171-833B-413B-88AE-B29152284670}.Release|x64.ActiveCfg = Release|x64
		{4B2C7171-833B-413B-88AE-B29152284670}.Release|x64.Build.0 = Release|x64
		{4B2C7171-833B-413B-88AE-B29152284670}.Release|x86.ActiveCfg = Release|Win32
		{4B2C7171-833B-413B-88AE-B29152284670}.Release|x86.Build.0 = Release|Win32
		{3B4EB5AC-6B01-450C-BEFA-E714AF170EB0}.Debug|x64.ActiveCfg = Debug|x64
		{3B4EB5AC-6B01-450C-BEFA-E714AF170EB0}.Debug|x64.Build.0 = Debug|x64
		{3B4EB5AC-6B01-450C-BEFA-E714AF170EB0}.Debug|x86.ActiveCfg = Debug|Win32
		{3B4EB5AC-6B01-450C-BEFA-E714AF170EB0}.Debug|x86.Build.0 = Debug|Win32
		{3B4EB5AC-6B01-450C-BEFA-E714AF170EB0}.Release|x64.ActiveCfg = Release|x64
		{3B4EB5AC-6B01-450C-BEFA-E714AF170EB0}.Release|x64.Build.0 = Release|x64
		{3B4EB5AC-6B01-450C-BEFA-E714AF170EB0}.Release|x86.ActiveCfg = Release|Win32
		{3B4EB5AC-6B01-450C-BEFA-E714AF170EB0}.Release|x86.Build.0 = Release|Win32
		{A6772721-C31F-4EAA-A8E0-251F2EB67D83}.Debug|x64.ActiveCfg = Debug|x64
		{A6772721-C31F-4EAA-A8E0-251F2EB67D83}.Debug|x64.Build.0 = Debug|x64
		{A6772721-C31F-4EAA-A8E0-251F2EB67D83}.Debug|x86.ActiveCfg = Debug|Win32
		{A6772721-C31F-4EAA-A8E0-251F2EB67D83}.Debug|x86.Build.0 = Debug|Win32
		{A6772721-C31F-4EAA-A8E0-251F2EB67D83}.Release|x64.ActiveCfg = Release|x64
		{A6772721-C31F-4EAA-A8E0-251F2EB67D83}.Release|x86.ActiveCfg = Release|Win32
		{A6772721-C31F-4EAA-A8E0-251F2EB67D83}.Release|x86.Build.0 = Release|Win32
		{19308C1A-BB8F-4CFE-8956-65246E963EC2}.Debug|x64.ActiveCfg = Debug|x64
		{19308C1A-BB8F-4CFE-8956-65246E963EC2}.Debug|x64.Build.0 = Debug|x64
		{19308C1A-BB8F-4CFE-8956-65246E963EC2}.Debug|x86.ActiveCfg = Debug|Win32
		{19308C1A-BB8F-4CFE-8956-65246E963EC2}.Debug|x86.Build.0 = Debug|Win32
		{19308C1A-BB8F-4CFE-8956-65246E963EC2}.Release|x64.ActiveCfg = Release|x64
		{19308C1A-BB8F-4CFE-8956-65246E963EC2}.Release|x64.Build.0 = Release|x64
		{19308C1A-BB8F-4CFE-8956-65246E963EC2}.Release|x86.ActiveCfg = Release|Win32
		{19308C1A-BB8F-4CFE-8956-65246E963EC2}.Release|x86.Build.0 = Release|Win32
		{6FA03858-0172-4BDD-86EB-A140A86B43BD}.Debug|x64.ActiveCfg = Debug|x64
		{6FA03858-0172-4BDD-86EB-A140A86B43BD}.Debug|x64.Build.0 = Debug|x64
		{6FA03858-0172-4BDD-86EB-A140A86B43BD}.Debug|x86.ActiveCfg = Debug|Win32
		{6FA03858-0172-4BDD-86EB-A140A86B43BD}.Debug|x86.Build.0 = Debug|Win32
		{6FA03858-0172-4BDD-86EB-A140A86B43BD}.Release|x64.ActiveCfg = Release|x64
		{6FA03858-0172-4BDD-86EB-A140A86B43BD}.Release|x64.Build.0 = Release|x64
		{6FA03858-0172-4BDD-86EB-A140A86B43BD}.Release|x86.ActiveCfg = Release|Win32
		{6FA03858-0172-4BDD-86EB-A140A86B43BD}.Release|x86.Build.0 = Release|Win32
		{95763156-79B7-4D7B-873C-69625C8CC0F3}.Debug|x64.ActiveCfg = Debug|x64
		{95763156-79B7-4D7B-873C-69625C8CC0F3}.Debug|x64.Build.0 = Debug|x64
		{95763156-79B7-4D7B-873C-69625C8CC0F3}.Debug|x86.ActiveCfg = Debug|Win32
		{95763156-79B7-4D7B-873C-69625C8CC0F3}.Debug|x86.Build.0 = Debug|Win32
		{95763156-79B7-4D7B-873C-69625C8CC0F3}.Release|x64.ActiveCfg = Release|x64
		{95763156-79B7-4D7B-873C-69625C8CC0F3}.Release|x64.Build.0 = Release|x64
		{95763156-79B7-4D7B-873C-69625C8CC0F3}.Release|x86.ActiveCfg = Release|Win32
		{95763156-79B7-4D7B-873C-69625C8CC0F3}.Release|x86.Build.0 = Release|Win32
		{58AC8A48-308B-459D-9BB1-4AA989BDC0FB}.Debug|x64.ActiveCfg = Debug|x64
		{58AC8A48-308B-459D-9BB1-4AA989BDC0FB}.Debug|x64.Build.0 = Debug|x64
		{58AC8A48-308B-459D-9BB1-4AA989BDC0FB}.Debug|x86.ActiveCfg = Debug|Win32
		{58AC8A48-308B-459D-9BB1-4AA989BDC0FB}.Debug|x86.Build.0 = Debug|Win32
		{58AC8A48-308B-459D-9BB1-4AA989BDC0FB}.Release|x64.ActiveCfg = Release|x64
		{58AC8A48-308B-459D-9BB1-4AA989BDC0FB}.Release|x64.Build.0 = Release|x64
		{58AC8A48-308B-459D-9BB1-4AA989BDC0FB}.Release|x86.ActiveCfg = Release|Win32
		{58AC8A48-308B-459D-9BB1-4AA989BDC0FB}.Release|x86.Build.0 = Release|Win32
		{AFAB912E-AA1F-4DD8-882F-316F106433B4}.Debug|x64.ActiveCfg = Debug|x64
		{AFAB912E-AA1F-4DD8-882F-316F106433B4}.Debug|x64.Build.0 = Debug|x64
		{AFAB912E-AA1F-4DD8-882F-316F106433B4}.Debug|x86.ActiveCfg = Debug|Win32
		{AFAB912E-AA1F-4DD8-882F-316F106433B4}.Debug|x86.Build.0 = Debug|Win32
		{AFAB912E-AA1F-4DD8-882F-316F106433B4}.Release|x64.ActiveCfg = Release|x64
		{AFAB912E-AA1F-4DD8-882F-316F106433B4}.Release|x64.Build.0 = Release|x64
		{AFAB912E-AA1F-4DD8-882F-316F106433B4}.Release|x86.ActiveCfg = Release|Win32
		{AFAB912E-AA1F-4DD8-882F-316F106433B4}.Release|x86.Build.0 = Release|Win32
		{BE4CB4EB-6829-4E4A-9C22-AF270EA92CA8}.Debug|x64.ActiveCfg = Debug|x64
		{BE4CB4EB-6829-4E4A-9C22-AF270EA92CA8}.Debug|x64.Build.0 = Debug|x64
		{BE4CB4EB-6829-4E4A-9C22-AF270EA92CA8}.Debug|x86.ActiveCfg = Debug|Win32
		{BE4CB4EB-6829-4E4A-9C22-AF270EA92CA8}.Debug|x86.Build.0 = Debug|Win32
		{BE4CB4EB-6829-4E4A-9C22-AF270EA92CA8}.Release|x64.ActiveCfg = Release|x64
		{BE4CB4EB-6829-4E4A-9C22-AF270EA92CA8}.Release|x64.Build.0 = Release|x64
		{BE4CB4EB-6829-4E4A-9C22-AF270EA92CA8}.Release|x86.ActiveCfg = Release|Win32
		{BE4CB4EB-6829-4E4A-9C22-AF270EA92CA8}.Release|x86.Build.0 = Release|Win32
		{8813E619-84E1-4941-B9E6-5DD4D1146930}.Debug|x64.ActiveCfg = Debug|x64
		{8813E619-84E1-4941-B9E6-5DD4D1146930}.Debug|x64.Build.0 = Debug|x64
		{8813E619-84E1-4941-B9E6-5DD4D1146930}.Debug|x86.ActiveCfg = Debug|Win32
		{8813E619-84E1-4941-B9E6-5DD4D1146930}.Debug|x86.Build.0 = Debug|Win32
		{8813E619-84E1-4941-B9E6-5DD4D1146930}.Release|x64.ActiveCfg = Release|x64
		{8813E619-84E1-4941-B9E6-5DD4D1146930}.Release|x64.Build.0 = Release|x64
		{8813E619-84E1-4941-B9E6-5DD4D1146930}.Release|x86.ActiveCfg = Release|Win32
		{8813E619-84E1-4941-B9E6-5DD4D1146930}.Release|x86.Build.0 = Release|Win32
		{4FDC6D51-0C08-46BA-9C90-7F6421D733C3}.Debug|x64.ActiveCfg = Debug|x64
		{4FDC6D51-0C08-46BA-9C90-7F6421D733C3}.Debug|x64.Build.0 = Debug|x64
		{4FDC6D51-0C08-46BA-9C90-7F6421D733C3}.Debug|x86.ActiveCfg = Debug|Win32
		{4FDC6D51-0C08-46BA-9C90-7F6421D733C3}.Debug|x86.Build.0 = Debug|Win32
		{4FDC6D51-0C08-46BA-9C90-7F6421D733C3}.Release|x64.ActiveCfg = Release|x64
		{4FDC6D51-0C08-46BA-9C90-7F6421D733C3}.Release|x64.Build.0 = Release|x64
		{4FDC6D51-0C08-46BA-9C90-7F6421D733C3}.Release|x86.ActiveCfg = Release|Win32
		{4FDC6D51-0C08-46BA-9C90-7F6421D733C3}.Release|x86.Build.0 = Release|Win32
		{858EB41B-86DB-4E9B-BD18-865BB5B3F7C3}.Debug|x64.ActiveCfg = Debug|x64
		{858EB41B-86DB-4E9B-BD18-865BB5B3F7C3}.Debug|x64.Build.0 = Debug|x64
		{858EB41B-86DB-4E9B-BD18-865BB5B3F7C3}.Debug|x86.ActiveCfg = Debug|Win32
		{858EB41B-86DB-4E9B-BD18-865BB5B3F7C3}.Debug|x86.Build.0 = Debug|Win32
		{858EB41B-86DB-4E9B-BD18-865BB5B3F7C3}.Release|x64.ActiveCfg = Release|x64
		{858EB41B-86DB-4E9B-BD18-865BB5B3F7C3}.Release|x64.Build.0 = Release|x64
		{858EB41B-86DB-4E9B-BD18-865BB5B3F7C3}.Release|x86.ActiveCfg = Release|Win32
		{858EB41B-86DB-4E9B-BD18-865BB5B3F7C3}.Release|x86.Build.0 = Release|Win32
		{3F0A14EE-D464-466A-9109-09EEA5D5B63E}.Debug|x64.ActiveCfg = Debug|x64
		{3F0A14EE-D464-466A-9109-09EEA5D5B63E}.Debug|x64.Build.0 = Debug|x64
		{3F0A14EE-D464-466A-9109-09EEA5D5B63E}.Debug|x86.ActiveCfg = Debug|Win32
		{3F0A14EE-D464-466A-9109-09EEA5D5B63E}.Debug|x86.Build.0 = Debug|Win32
		{3F0A14EE-D464-466A-9109-09EEA5D5B63E}.Release|x64.ActiveCfg = Release|x64
		{3F0A14EE-D464-466A-9109-09EEA5D5B63E}.Release|x64.Build.0 = Release|x64
		{3F0A14EE-D464-466A-9109-09EEA5D5B63E}.Release|x86.ActiveCfg = Release|Win32
		{3F0A14EE-D464-466A-9109-09EEA5D5B63E}.Release|x86.Build.0 = Release|Win32
		{CB666CCA-D710-42E7-9F9E-88C82B9B0C72}.Debug|x64.ActiveCfg = Debug|x64
		{CB666CCA-D710-42E7-9F9E-88C82B9B0C72}.Debug|x64.Build.0 = Debug|x64
		{CB666CCA-D710-42E7-9F9E-88C82B9B0C72}.Debug|x86.ActiveCfg = Debug|Win32
		{CB666CCA-D710-42E7-9F9E-88C82B9B0C72}.Debug|x86.Build.0 = Debug|Win32
		{CB666CCA-D710-42E7-9F9E-88C82B9B0C72}.Release|x64.ActiveCfg = Release|x64
		{CB666CCA-D710-42E7-9F9E-88C82B9B0C72}.Release|x64.Build.0 = Release|x64
		{CB666CCA-D710-42E7-9F9E-88C82B9B0C72}.Release|x86.ActiveCfg = Release|Win32
		{CB666CCA-D710-42E7-9F9E-88C82B9B0C72}.Release|x86.Build.0 = Release|Win32
		{26AA5039-4B3D-46D5-ADB6-F1FF5563D676}.Debug|x64.ActiveCfg = Debug|x64
		{26AA5039-4B3D-46D5-ADB6-F1FF5563D676}.Debug|x64.Build.0 = Debug|x64
		{26AA5039-4B3D-46D5-ADB6-F1FF5563D676}.Debug|x86.ActiveCfg = Debug|Win32
		{26AA5039-4B3D-46D5-ADB6-F1FF5563D676}.Debug|x86.Build.0 = Debug|Win32
		{26AA5039-4B3D-46D5-ADB6-F1FF5563D676}.Release|x64.ActiveCfg = Release|x64
		{26AA5039-4B3D-46D5-ADB6-F1FF5563D676}.Release|x64.Build.0 = Release|x64
		{26AA5039-4B3D-46D5-ADB6-F1FF5563D676}.Release|x86.ActiveCfg = Release|Win32
		{26AA5039-4B3D-46D5-ADB6-F1FF5563D676}.Release|x86.Build.0 = Release|Win32
		{099100B4-D2E4-4F1C-906A-D23EA7E86EBF}.Debug|x64.ActiveCfg = Debug|x64
		{099100B4-D2E4-4F1C-906A-D23EA7E86EBF}.Debug|x64.Build.0 = Debug|x64
		{099100B4-D2E4-4F1C-906A-D23EA7E86EBF}.Debug|x86.ActiveCfg = Debug|Win32
		{099100B4-D2E4-4F1C-906A-D23EA7E86EBF}.Debug|x86.Build.0 = Debug|Win32
		{099100B4-D2E4-4F1C-906A-D23EA7E86EBF}.Release|x64.ActiveCfg = Release|x64
		{099100B4-D2E4-4F1C-906A-D23EA7E86EBF}.Release|x64.Build.0 = Release|x64
		{099100B4-D2E4-4F1C-906A-D23EA7E86EBF}.Release|x86.ActiveCfg = Release|Win32
		{099100B4-D2E4-4F1C-906A-D23EA7E86EBF}.Release|x86.Build.0 = Release|Win32
		{10CA9175-505F-4C2F-92CB-1A711990403D}.Debug|x64.ActiveCfg = Debug|x64
		{10CA9175-505F-4C2F-92CB-1A711990403D}.Debug|x64.Build.0 = Debug|x64
		{10CA9175-505F-4C2F-92CB-1A711990403D}.Debug|x86.ActiveCfg = Debug|Win32
		{10CA9175-505F-4C2F-92CB-1A711990403D}.Debug|x86.Build.0 = Debug|Win32
		{10CA9175-505F-4C2F-92CB-1A711990403D}.Release|x64.ActiveCfg = Release|x64
		{10CA9175-505F-4C2F-92CB-1A711990403D}.Release|x64.Build.0 = Release|x64
		{10CA9175-505F-4C2F-92CB-1A711990403D}.Release|x86.ActiveCfg = Release|Win32
		{10CA9175-505F-4C2F-92CB-1A711990403D}.Release|x86.Build.0 = Release|Win32
		{00585A33-BBA6-49E4-B883-8ECEEF19074E}.Debug|x64.ActiveCfg = Debug|x64
		{00585A33-BBA6-49E4-B883-8ECEEF19074E}.Debug|x64.Build.0 = Debug|x64
		{00585A33-BBA6-49E4-B883-8ECEEF19074E}.Debug|x86.ActiveCfg = Debug|Win32
		{00585A33-BBA6-49E4-B883-8ECEEF19074E}.Debug|x86.Build.0 = Debug|Win32
		{00585A33-BBA6-49E4-B883-8ECEEF19074E}.Release|x64.ActiveCfg = Release|x64
		{00585A33-BBA6-49E4-B883-8ECEEF19074E}.Release|x64.Build.0 = Release|x64
		{00585A33-BBA6-49E4-B883-8ECEEF19074E}.Release|x86.ActiveCfg = Release|Win32
		{00585A33-BBA6-49E4-B883-8ECEEF19074E}.Release|x86.Build.0 = Release|Win32
		{9741E042-F69D-4AA9-AF44-6428AC30C5A2}.Debug|x64.ActiveCfg = Debug|x64
		{9741E042-F69D-4AA9-AF44-6428AC30C5A2}.Debug|x64.Build.0 = Debug|x64
		{9741E042-F69D-4AA9-AF44-6428AC30C5A2}.Debug|x86.ActiveCfg = Debug|Win32
		{9741E042-F69D-4AA9-AF44-6428AC30C5A2}.Debug|x86.Build.0 = Debug|Win32
		{9741E042-F69D-4AA9-AF44-6428AC30C5A2}.Release|x64.ActiveCfg = Release|x64
		{9741E042-F69D-4AA9-AF44-6428AC30C5A2}.Release|x64.Build.0 = Release|x64
		{9741E042-F69D-4AA9-AF44-6428AC30C5A2}.Release|x86.ActiveCfg = Release|Win32
		{9741E042-F69D-4AA9-AF44-6428AC30C5A2}.Release|x86.Build.0 = Release|Win32
		{0D8D228A-41EA-4691-886C-41227E2B31D5}.Debug|x64.ActiveCfg = Debug|x64
		{0D8D228A-41EA-4691-886C-41227E2B31D5}.Debug|x64.Build.0 = Debug|x64
		{0D8D228A-41EA-4691-886C-41227E2B31D5}.Debug|x86.ActiveCfg = Debug|Win32
		{0D8D228A-41EA-4691-886C-41227E2B31D5}.Debug|x86.Build.0 = Debug|Win32
		{0D8D228A-41EA-4691-886C-41227E2B31D5}.Release|x64.ActiveCfg = Release|x64
		{0D8D228A-41EA-4691-886C-41227E2B31D5}.Release|x64.Build.0 = Release|x64
		{0D8D228A-41EA-4691-886C-41227E2B31D5}.Release|x86.ActiveCfg = Release|Win32
		{0D8D228A-41EA-4691-886C-41227E2B31D5}.Release|x86.Build.0 = Release|Win32
		{B7554187-B6D4-495B-8138-6E896733AA36}.Debug|x64.ActiveCfg = Debug|x64
		{B7554187-B6D4-495B-8138-6E896733AA36}.Debug|x64.Build.0 = Debug|x64
		{B7554187-B6D4-495B-8138-6E896733AA36}.Debug|x86.ActiveCfg = Debug|Win32
		{B7554187-B6D4-495B-8138-6E896733AA36}.Debug|x86.Build.0 = Debug|Win32
		{B7554187-B6D4-495B-8138-6E896733AA36}.Release|x64.ActiveCfg = Release|x64
		{B7554187-B6D4-495B-8138-6E896733AA36}.Release|x64.Build.0 = Release|x64
		{B7554187-B6D4-495B-8138-6E896733AA36}.Release|x86.ActiveCfg = Release|Win32
		{B7554187-B6D4-495B-8138-6E896733AA36}.Release|x86.Build.0 = Release|Win32
		{632A3D23-61D4-4E9C-B416-446D6B010D02}.Debug|x64.ActiveCfg = Debug|x64
		{632A3D23-61D4-4E9C-B416-446D6B010D02}.Debug|x64.Build.0 = Debug|x64
		{632A3D23-61D4-4E9C-B416-446D6B010D02}.Debug|x86.ActiveCfg = Debug|Win32
		{632A3D23-61D4-4E9C-B416-446D6B010D02}.Debug|x86.Build.0 = Debug|Win32
		{632A3D23-61D4-4E9C-B416-446D6B010D02}.Release|x64.ActiveCfg = Release|x64
		{632A3D23-61D4-4E9C-B416-446D6B010D02}.Release|x64.Build.0 = Release|x64
		{632A3D23-61D4-4E9C-B416-446D6B010D02}.Release|x86.ActiveCfg = Release|Win32
		{632A3D23-61D4-4E9C-B416-446D6B010D02}.Release|x86.Build.0 = Release|Win32
		{891E342D-D93F-4CB9-A093-FE237A25677A}.Debug|x64.ActiveCfg = Debug|x64
		{891E342D-D93F-4CB9-A093-FE237A25677A}.Debug|x64.Build.0 = Debug|x64
		{891E342D-D93F-4CB9-A093-FE237A25677A}.Debug|x86.ActiveCfg = Debug|Win32
		{891E342D-D93F-4CB9-A093-FE237A25677A}.Debug|x86.Build.0 = Debug|Win32
		{891E342D-D93F-4CB9-A093-FE237A25677A}.Release|x64.ActiveCfg = Release|x64
		{891E342D-D93F-4CB9-A093-FE237A25677A}.Release|x64.Build.0 = Release|x64
		{891E342D-D93F-4CB9-A093-FE237A25677A}.Release|x86.ActiveCfg = Release|Win32
		{891E342D-D93F-4CB9-A093-FE237A25677A}.Release|x86.Build.0 = Release|Win32
		{B3AB3E4D-13F7-433C-A5A6-935A8EFBCC50}.Debug|x64.ActiveCfg = Debug|x64
		{B3AB3E4D-13F7-433C-A5A6-935A8EFBCC50}.Debug|x64.Build.0 = Debug|x64
		{B3AB3E4D-13F7-433C-A5A6-935A8EFBCC50}.Debug|x86.ActiveCfg = Debug|Win32
		{B3AB3E4D-13F7-433C-A5A6-935A8EFBCC50}.Debug|x86.Build.0 = Debug|Win32
		{B3AB3E4D-13F7-433C-A5A6-935A8EFBCC50}.Release|x64.ActiveCfg = Release|x64
		{B3AB3E4D-13F7-433C-A5A6-935A8EFBCC50}.Release|x64.Build.0 = Release|x64
		{B3AB3E4D-13F7-433C-A5A6-935A8EFBCC50}.Release|x86.ActiveCfg = Release|Win32
		{B3AB3E4D-13F7-433C-A5A6-935A8EFBCC50}.Release|x86.Build.0 = Release|Win32
		{1CEAFBD1-64E7-4647-BFC4-9117E7E62DE1}.Debug|x64.ActiveCfg = Debug|x64
		{1CEAFBD1-64E7-4647-BFC4-9117E7E62DE1}.Debug|x64.Build.0 = Debug|x64
		{1CEAFBD1-64E7-4647-BFC4-9117E7E62DE1}.Debug|x86.ActiveCfg = Debug|Win32
		{1CEAFBD1-64E7-4647-BFC4-9117E7E62DE1}.Debug|x86.Build.0 = Debug|Win32
		{1CEAFBD1-64E7-4647-BFC4-9117E7E62DE1}.Release|x64.ActiveCfg = Release|x64
		{1CEAFBD1-64E7-4647-BFC4-9117E7E62DE1}.Release|x64.Build.0 = Release|x64
		{1CEAFBD1-64E7-4647-BFC4-9117E7E62DE1}.Release|x86.ActiveCfg = Release|Win32
		{1CEAFBD1-64E7-4647-BFC4-9117E7E62DE1}.Release|x86.Build.0 = Release|Win32
		{8AB4D813-050B-4059-AC53-EA0CD6DE7D7A}.Debug|x64.ActiveCfg = Debug|x64
		{8AB4D813-050B-4059-AC53-EA0CD6DE7D7A}.Debug|x64.Build.0 = Debug|x64
		{8AB4D813-050B-4059-AC53-EA0CD6DE7D7A}.Debug|x86.ActiveCfg = Debug|Win32
		{8AB4D813-050B-4059-AC53-EA0CD6DE7D7A}.Debug|x86.Build.0 = Debug|Win32
		{8AB4D813-050B-4059-AC53-EA0CD6DE7D7A}.Release|x64.ActiveCfg = Release|x64
		{8AB4D813-050B-4059-AC53-EA0CD6DE7D7A}.Release|x64.Build.0 = Release|x64
		{8AB4D813-050B-4059-AC53-EA0CD6DE7D7A}.Release|x86.ActiveCfg = Release|Win32
		{8AB4D813-050B-4059-AC53-EA0CD6DE7D7A}.Release|x86.Build.0 = Release|Win32
		{1FA78202-85A1-49B1-A06B-BA2E90F892D7}.Debug|x64.ActiveCfg = Debug|x64
		{1FA78202-85A1-49B1-A06B-BA2E90F892D7}.Debug|x64.Build.0 = Debug|x64
		{1FA78202-85A1-49B1-A06B-BA2E90F892D7}.Debug|x86.ActiveCfg = Debug|Win32
		{1FA78202-85A1-49B1-A06B-BA2E90F892D7}.Debug|x86.Build.0 = Debug|Win32
		{1FA78202-85A1-49B1-A06B-BA2E90F892D7}.Release|x64.ActiveCfg = Release|x64
		{1FA78202-85A1-49B1-A06B-BA2E90F892D7}.Release|x64.Build.0 = Release|x64
		{1FA78202-85A1-49B1-A06B-BA2E90F892D7}.Release|x86.ActiveCfg = Release|Win32
		{1FA78202-85A1-49B1-A06B-BA2E90F892D7}.Release|x86.Build.0 = Release|Win32
		{99F1E1B5-ADC4-FFF8-0229-54074FD95A29}.Debug|x64.ActiveCfg = Debug|x64
		{99F1E1B5-ADC4-FFF8-0229-54074FD95A29}.Debug|x64.Build.0 = Debug|x64
		{99F1E1B5-ADC4-FFF8-0229-54074FD95A29}.Debug|x86.ActiveCfg = Debug|Win32
		{99F1E1B5-ADC4-FFF8-0229-54074FD95A29}.Debug|x86.Build.0 = Debug|Win32
		{99F1E1B5-ADC4-FFF8-0229-54074FD95A29}.Release|x64.ActiveCfg = Release|x64
		{99F1E1B5-ADC4-FFF8-0229-54074FD95A29}.Release|x64.Build.0 = Release|x64
		{99F1E1B5-ADC4-FFF8-0229-54074FD95A29}.Release|x86.ActiveCfg = Release|Win32
		{99F1E1B5-ADC4-FFF8-0229-54074FD95A29}.Release|x86.Build.0 = Release|Win32
		{F386165B-8FED-406C-8F7C-88E9EC84D5E1}.Debug|x64.ActiveCfg = Debug|x64
		{F386165B-8FED-406C-8F7C-88E9EC84D5E1}.Debug|x64.Build.0 = Debug|x64
		{F386165B-8FED-406C-8F7C-88E9EC84D5E1}.Debug|x86.ActiveCfg = Debug|Win32
		{F386165B-8FED-406C-8F7C-88E9EC84D5E1}.Debug|x86.Build.0 = Debug|Win32
		{F386165B-8FED-406C-8F7C-88E9EC84D5E1}.Release|x64.ActiveCfg = Release|x64
		{F386165B-8FED-406C-8F7C-88E9EC84D5E1}.Release|x64.Build.0 = Release|x64
		{F386165B-8FED-406C-8F7C-88E9EC84D5E1}.Release|x86.ActiveCfg = Release|Win32
		{F386165B-8FED-406C-8F7C-88E9EC84D5E1}.Release|x86.Build.0 = Release|Win32
		{08DF52D9-2973-409A-BFEA-EC2652FCD551}.Debug|x64.ActiveCfg = Debug|x64
		{08DF52D9-2973-409A-BFEA-EC2652FCD551}.Debug|x64.Build.0 = Debug|x64
		{08DF52D9-2973-409A-BFEA-EC2652FCD551}.Debug|x86.ActiveCfg = Debug|Win32
		{08DF52D9-2973-409A-BFEA-EC2652FCD551}.Debug|x86.Build.0 = Debug|Win32
		{08DF52D9-2973-409A-BFEA-EC2652FCD551}.Release|x64.ActiveCfg = Release|x64
		{08DF52D9-2973-409A-BFEA-EC2652FCD551}.Release|x64.Build.0 = Release|x64
		{08DF52D9-2973-409A-BFEA-EC2652FCD551}.Release|x86.ActiveCfg = Release|Win32
		{08DF52D9-2973-409A-BFEA-EC2652FCD551}.Release|x86.Build.0 = Release|Win32
		{918A717D-6F86-4FA6-9BB1-822C61550A38}.Debug|x64.ActiveCfg = Debug|x64
		{918A717D-6F86-4FA6-9BB1-822C61550A38}.Debug|x64.Build.0 = Debug|x64
		{918A717D-6F86-4FA6-9BB1-822C61550A38}.Debug|x86.ActiveCfg = Debug|Win32
		{918A717D-6F86-4FA6-9BB1-822C61550A38}.Debug|x86.Build.0 = Debug|Win32
		{918A717D-6F86-4FA6-9BB1-822C61550A38}.Release|x64.ActiveCfg = Release|x64
		{918A717D-6F86-4FA6-9BB1-822C61550A38}.Release|x64.Build.0 = Release|x64
		{918A717D-6F86-4FA6-9BB1-822C61550A38}.Release|x86.ActiveCfg = Release|Win32
		{918A717D-6F86-4FA6-9BB1-822C61550A38}.Release|x86.Build.0 = Release|Win32
		{5D18BD29-D313-472C-98BB-E3989BBB50DA}.Debug|x64.ActiveCfg = Debug|x64
		{5D18BD29-D313-472C-98BB-E3989BBB50DA}.Debug|x64.Build.0 = Debug|x64
		{5D18BD29-D313-472C-98BB-E3989BBB50DA}.Debug|x86.ActiveCfg = Debug|Win32
		{5D18BD29-D313-472C-98BB-E3989BBB50DA}.Debug|x86.Build.0 = Debug|Win32
		{5D18BD29-D313-472C-98BB-E3989BBB50DA}.Release|x64.ActiveCfg = Release|x64
		{5D18BD29-D313-472C-98BB-E3989BBB50DA}.Release|x64.Build.0 = Release|x64
		{5D18BD29-D313-472C-98BB-E3989BBB50DA}.Release|x86.ActiveCfg = Release|Win32
		{5D18BD29-D313-472C-98BB-E3989BBB50DA}.Release|x86.Build.0 = Release|Win32
		{30311915-F405-4EE3-AB76-BCCCDF1F7432}.Debug|x64.ActiveCfg = Debug|x64
		{30311915-F405-4EE3-AB76-BCCCDF1F7432}.Debug|x64.Build.0 = Debug|x64
		{30311915-F405-4EE3-AB76-BCCCDF1F7432}.Debug|x86.ActiveCfg = Debug|Win32
		{30311915-F405-4EE3-AB76-BCCCDF1F7432}.Debug|x86.Build.0 = Debug|Win32
		{30311915-F405-4EE3-AB76-BCCCDF1F7432}.Release|x64.ActiveCfg = Release|x64
		{30311915-F405-4EE3-AB76-BCCCDF1F7432}.Release|x64.Build.0 = Release|x64
		{30311915-F405-4EE3-AB76-BCCCDF1F7432}.Release|x86.ActiveCfg = Release|Win32
		{30311915-F405-4EE3-AB76-BCCCDF1F7432}.Release|x86.Build.0 = Release|Win32
		{6A80AEC1-65AA-4B52-AC4D-DBBB2BE29991}.Debug|x64.ActiveCfg = Debug|x64
		{6A80AEC1-65AA-4B52-AC4D-DBBB2BE29991}.Debug|x64.Build.0 = Debug|x64
		{6A80AEC1-65AA-4B52-AC4D-DBBB2BE29991}.Debug|x86.ActiveCfg = Debug|Win32
		{6A80AEC1-65AA-4B52-AC4D-DBBB2BE29991}.Debug|x86.Build.0 = Debug|Win32
		{6A80AEC1-65AA-4B52-AC4D-DBBB2BE29991}.Release|x64.ActiveCfg = Release|x64
		{6A80AEC1-65AA-4B52-AC4D-DBBB2BE29991}.Release|x64.Build.0 = Release|x64
		{6A80AEC1-65AA-4B52-AC4D-DBBB2BE29991}.Release|x86.ActiveCfg = Release|Win32
		{6A80AEC1-65AA-4B52-AC4D-DBBB2BE29991}.Release|x86.Build.0 = Release|Win32
		{F4F15B75-B3F6-4535-8D9A-0CAEC9EE9471}.Debug|x64.ActiveCfg = Debug|x64
		{F4F15B75-B3F6-4535-8D9A-0CAEC9EE9471}.Debug|x64.Build.0 = Debug|x64
		{F4F15B75-B3F6-4535-8D9A-0CAEC9EE9471}.Debug|x86.ActiveCfg = Debug|Win32
		{F4F15B75-B3F6-4535-8D9A-0CAEC9EE9471}.Debug|x86.Build.0 = Debug|Win32
		{F4F15B75-B3F6-4535-8D9A-0CAEC9EE9471}.Release|x64.ActiveCfg = Release|x64
		{F4F15B75-B3F6-4535-8D9A-0CAEC9EE9471}.Release|x64.Build.0 = Release|x64
		{F4F15B75-B3F6-4535-8D9A-0CAEC9EE9471}.Release|x86.ActiveCfg = Release|Win32
		{F4F15B75-B3F6-4535-8D9A-0CAEC9EE9471}.Release|x86.Build.0 = Release|Win32
		{6F03914A-5385-4D8A-86E9-6DCE64F12B98}.Debug|x64.ActiveCfg = Debug|x64
		{6F03914A-5385-4D8A-86E9-6DCE64F12B98}.Debug|x64.Build.0 = Debug|x64
		{6F03914A-5385-4D8A-86E9-6DCE64F12B98}.Debug|x86.ActiveCfg = Debug|Win32
		{6F03914A-5385-4D8A-86E9-6DCE64F12B98}.Debug|x86.Build.0 = Debug|Win32
		{6F03914A-5385-4D8A-86E9-6DCE64F12B98}.Release|x64.ActiveCfg = Release|x64
		{6F03914A-5385-4D8A-86E9-6DCE64F12B98}.Release|x64.Build.0 = Release|x64
		{6F03914A-5385-4D8A-86E9-6DCE64F12B98}.Release|x86.ActiveCfg = Release|Win32
		{6F03914A-5385-4D8A-86E9-6DCE64F12B98}.Release|x86.Build.0 = Release|Win32
		{97E3EB8A-1EA7-4762-B972-8ED06127D332}.Debug|x64.ActiveCfg = Debug|x64
		{97E3EB8A-1EA7-4762-B972-8ED06127D332}.Debug|x64.Build.0 = Debug|x64
		{97E3EB8A-1EA7-4762-B972-8ED06127D332}.Debug|x86.ActiveCfg = Debug|Win32
		{97E3EB8A-1EA7-4762-B972-8ED06127D332}.Debug|x86.Build.0 = Debug|Win32
		{97E3EB8A-1EA7-4762-B972-8ED06127D332}.Release|x64.ActiveCfg = Release|x64
		{97E3EB8A-1EA7-4762-B972-8ED06127D332}.Release|x64.Build.0 = Release|x64
		{97E3EB8A-1EA7-4762-B972-8ED06127D332}.Release|x86.ActiveCfg = Release|Win32
		{97E3EB8A-1EA7-4762-B972-8ED06127D332}.Release|x86.Build.0 = Release|Win32
		{A4F600D4-49C2-4EAF-A5DC-F8CC534CFAAC}.Debug|x64.ActiveCfg = Debug|x64
		{A4F600D4-49C2-4EAF-A5DC-F8CC534CFAAC}.Debug|x64.Build.0 = Debug|x64
		{A4F600D4-49C2-4EAF-A5DC-F8CC534CFAAC}.Debug|x86.ActiveCfg = Debug|Win32
		{A4F600D4-49C2-4EAF-A5DC-F8CC534CFAAC}.Debug|x86.Build.0 = Debug|Win32
		{A4F600D4-49C2-4EAF-A5DC-F8CC534CFAAC}.Release|x64.ActiveCfg = Release|x64
		{A4F600D4-49C2-4EAF-A5DC-F8CC534CFAAC}.Release|x64.Build.0 = Release|x64
		{A4F600D4-49C2-4EAF-A5DC-F8CC534CFAAC}.Release|x86.ActiveCfg = Release|Win32
		{A4F600D4-49C2-4EAF-A5DC-F8CC534CFAAC}.Release|x86.Build.0 = Release|Win32
		{E26CD1F3-CFC3-4E57-B162-533E616FCAA0}.Debug|x64.ActiveCfg = Debug|x64
		{E26CD1F3-CFC3-4E57-B162-533E616FCAA0}.Debug|x64.Build.0 = Debug|x64
		{E26CD1F3-CFC3-4E57-B162-533E616FCAA0}.Debug|x86.ActiveCfg = Debug|Win32
		{E26CD1F3-CFC3-4E57-B162-533E616FCAA0}.Debug|x86.Build.0 = Debug|Win32
		{E26CD1F3-CFC3-4E57-B162-533E616FCAA0}.Release|x64.ActiveCfg = Release|x64
		{E26CD1F3-CFC3-4E57-B162-533E616FCAA0}.Release|x64.Build.0 = Release|x64
		{E26CD1F3-CFC3-4E57-B162-533E616FCAA0}.Release|x86.ActiveCfg = Release|Win32
		{E26CD1F3-CFC3-4E57-B162-533E616FCAA0}.Release|x86.Build.0 = Release|Win32
		{097E9075-CD28-4976-B519-F5B1B5215B43}.Debug|x64.ActiveCfg = Debug|x64
		{097E9075-CD28-4976-B519-F5B1B5215B43}.Debug|x64.Build.0 = Debug|x64
		{097E9075-CD28-4976-B519-F5B1B5215B43}.Debug|x86.ActiveCfg = Debug|Win32
		{097E9075-CD28-4976-B519-F5B1B5215B43}.Debug|x86.Build.0 = Debug|Win32
		{097E9075-CD28-4976-B519-F5B1B5215B43}.Release|x64.ActiveCfg = Release|x64
		{097E9075-CD28-4976-B519-F5B1B5215B43}.Release|x64.Build.0 = Release|x64
		{097E9075-CD28-4976-B519-F5B1B5215B43}.Release|x86.ActiveCfg = Release|Win32
		{097E9075-CD28-4976-B519-F5B1B5215B43}.Release|x86.Build.0 = Release|Win32
	EndGlobalSection
	GlobalSection(SolutionProperties) = preSolution
		HideSolutionNode = FALSE
	EndGlobalSection
	GlobalSection(NestedProjects) = preSolution
		{A083BA0E-ACEB-4E0C-97E2-3576DE40AF11} = {D8BEA525-1735-4A0E-AE02-A300781B989F}
		{789F7B29-2883-495C-8FF4-AAB7F04DA521} = {D8BEA525-1735-4A0E-AE02-A300781B989F}
		{355D551B-0E1F-41FD-8F99-6AE55D63E30A} = {D8BEA525-1735-4A0E-AE02-A300781B989F}
		{0C5B9990-998C-4DB6-BE9A-2D0F4D2E7964} = {D8BEA525-1735-4A0E-AE02-A300781B989F}
		{A9EF534F-6263-4845-A4CC-523F95939D1B} = {117E7F0D-B5E1-40DC-B6C3-A979AC7BE86A}
		{99867BB2-5219-4818-9F02-13A4A1EAFDDA} = {44874028-B619-496D-8AEE-C5E0B0C7AC77}
		{6647163E-85B0-4AC8-91E1-7A399393EB80} = {44874028-B619-496D-8AEE-C5E0B0C7AC77}
		{4B3E828E-CD63-4BF3-A727-132425C3F6B5} = {21D3E4DB-1FAB-42C9-90B1-6BFFC4BBD35B}
		{424FDF1A-EF1C-4A33-A1D4-5234F2C2220A} = {21D3E4DB-1FAB-42C9-90B1-6BFFC4BBD35B}
		{024B7611-E853-4208-8A56-5ABB6D1A1F2B} = {117E7F0D-B5E1-40DC-B6C3-A979AC7BE86A}
		{4B2C7171-833B-413B-88AE-B29152284670} = {21D3E4DB-1FAB-42C9-90B1-6BFFC4BBD35B}
		{3B4EB5AC-6B01-450C-BEFA-E714AF170EB0} = {21D3E4DB-1FAB-42C9-90B1-6BFFC4BBD35B}
		{A6772721-C31F-4EAA-A8E0-251F2EB67D83} = {D8BEA525-1735-4A0E-AE02-A300781B989F}
		{19308C1A-BB8F-4CFE-8956-65246E963EC2} = {21D3E4DB-1FAB-42C9-90B1-6BFFC4BBD35B}
		{6FA03858-0172-4BDD-86EB-A140A86B43BD} = {A7D65945-3636-4AF6-A463-ACB0F60DEFD5}
		{95763156-79B7-4D7B-873C-69625C8CC0F3} = {E58C6F53-50A3-4CC2-A955-E19107B2F897}
		{58AC8A48-308B-459D-9BB1-4AA989BDC0FB} = {E58C6F53-50A3-4CC2-A955-E19107B2F897}
		{AFAB912E-AA1F-4DD8-882F-316F106433B4} = {BE8C56D8-5895-4894-8593-E16CF10C8C70}
		{BE4CB4EB-6829-4E4A-9C22-AF270EA92CA8} = {BE8C56D8-5895-4894-8593-E16CF10C8C70}
		{8813E619-84E1-4941-B9E6-5DD4D1146930} = {D88340E2-EA0B-44D7-AC03-0D0B1FBA475A}
		{4FDC6D51-0C08-46BA-9C90-7F6421D733C3} = {D88340E2-EA0B-44D7-AC03-0D0B1FBA475A}
		{858EB41B-86DB-4E9B-BD18-865BB5B3F7C3} = {D88340E2-EA0B-44D7-AC03-0D0B1FBA475A}
		{3F0A14EE-D464-466A-9109-09EEA5D5B63E} = {743FF543-1FAE-4AA6-814B-B7E6C32404C8}
		{CB666CCA-D710-42E7-9F9E-88C82B9B0C72} = {743FF543-1FAE-4AA6-814B-B7E6C32404C8}
		{26AA5039-4B3D-46D5-ADB6-F1FF5563D676} = {6185B0F7-08C9-4AB5-89DA-C31D5B39807D}
		{099100B4-D2E4-4F1C-906A-D23EA7E86EBF} = {6185B0F7-08C9-4AB5-89DA-C31D5B39807D}
		{10CA9175-505F-4C2F-92CB-1A711990403D} = {FCFC15F8-0E16-4D54-B936-136319B839DF}
		{00585A33-BBA6-49E4-B883-8ECEEF19074E} = {FCFC15F8-0E16-4D54-B936-136319B839DF}
		{9741E042-F69D-4AA9-AF44-6428AC30C5A2} = {FCFC15F8-0E16-4D54-B936-136319B839DF}
		{0D8D228A-41EA-4691-886C-41227E2B31D5} = {FCFC15F8-0E16-4D54-B936-136319B839DF}
		{B7554187-B6D4-495B-8138-6E896733AA36} = {FCFC15F8-0E16-4D54-B936-136319B839DF}
		{632A3D23-61D4-4E9C-B416-446D6B010D02} = {F869112C-B777-4EBE-82F6-C2CCA6F71A1E}
		{891E342D-D93F-4CB9-A093-FE237A25677A} = {39F70336-1CB5-4C9E-8F5C-CC4ECD0F278F}
		{B3AB3E4D-13F7-433C-A5A6-935A8EFBCC50} = {756884E4-6FCD-4235-96B1-F237A47BE5FA}
		{1CEAFBD1-64E7-4647-BFC4-9117E7E62DE1} = {756884E4-6FCD-4235-96B1-F237A47BE5FA}
		{8AB4D813-050B-4059-AC53-EA0CD6DE7D7A} = {FCFC15F8-0E16-4D54-B936-136319B839DF}
		{1FA78202-85A1-49B1-A06B-BA2E90F892D7} = {FCFC15F8-0E16-4D54-B936-136319B839DF}
		{F386165B-8FED-406C-8F7C-88E9EC84D5E1} = {BBB08A86-9800-420D-B7EC-F60A6ACDEC2A}
		{08DF52D9-2973-409A-BFEA-EC2652FCD551} = {BBB08A86-9800-420D-B7EC-F60A6ACDEC2A}
		{918A717D-6F86-4FA6-9BB1-822C61550A38} = {0AEF91A3-3BB7-4E60-BCEA-6643E68C614E}
		{5D18BD29-D313-472C-98BB-E3989BBB50DA} = {0AEF91A3-3BB7-4E60-BCEA-6643E68C614E}
		{30311915-F405-4EE3-AB76-BCCCDF1F7432} = {0AEF91A3-3BB7-4E60-BCEA-6643E68C614E}
		{6A80AEC1-65AA-4B52-AC4D-DBBB2BE29991} = {21D3E4DB-1FAB-42C9-90B1-6BFFC4BBD35B}
		{F4F15B75-B3F6-4535-8D9A-0CAEC9EE9471} = {117E7F0D-B5E1-40DC-B6C3-A979AC7BE86A}
		{6F03914A-5385-4D8A-86E9-6DCE64F12B98} = {44874028-B619-496D-8AEE-C5E0B0C7AC77}
		{97E3EB8A-1EA7-4762-B972-8ED06127D332} = {44874028-B619-496D-8AEE-C5E0B0C7AC77}
		{A4F600D4-49C2-4EAF-A5DC-F8CC534CFAAC} = {44874028-B619-496D-8AEE-C5E0B0C7AC77}
		{E26CD1F3-CFC3-4E57-B162-533E616FCAA0} = {117E7F0D-B5E1-40DC-B6C3-A979AC7BE86A}
		{097E9075-CD28-4976-B519-F5B1B5215B43} = {117E7F0D-B5E1-40DC-B6C3-A979AC7BE86A}
	EndGlobalSection
	GlobalSection(ExtensibilityGlobals) = postSolution
		SolutionGuid = {FE6EB531-FF62-4423-BA23-A3AB7EC1BC73}
	EndGlobalSection
	GlobalSection(SubversionScc) = preSolution
		Svn-Managed = True
		Manager = AnkhSVN - Subversion Support for Visual Studio
	EndGlobalSection
EndGlobal
