<?xml version="1.0" encoding="utf-8"?>
<Project ToolsVersion="4.0" xmlns="http://schemas.microsoft.com/developer/msbuild/2003">
  <ItemGroup>
    <ClCompile Include="stdafx.cpp">
      <Filter>소스 파일</Filter>
    </ClCompile>
    <ClCompile Include="DlgVisionInspectionLgaBottom2D.cpp">
      <Filter>다이얼로그</Filter>
    </ClCompile>
    <ClCompile Include="VisionInspectionLgaBottom2D.cpp">
      <Filter>소스 파일</Filter>
    </ClCompile>
    <ClCompile Include="VisionInspectionLgaBottom2DApp.cpp">
      <Filter>소스 파일</Filter>
    </ClCompile>
    <ClCompile Include="VisionInspectionLgaBottom2DInsp.cpp">
      <Filter>소스 파일</Filter>
    </ClCompile>
    <ClCompile Include="VisionInspectionLgaBottom2DPara.cpp">
      <Filter>소스 파일</Filter>
    </ClCompile>
    <ClCompile Include="LandInspectionResult.cpp">
      <Filter>소스 파일</Filter>
    </ClCompile>
    <ClCompile Include="DlgLandParameter.cpp">
      <Filter>다이얼로그</Filter>
    </ClCompile>
  </ItemGroup>
  <ItemGroup>
    <ClInclude Include="stdafx.h">
      <Filter>소스 파일</Filter>
    </ClInclude>
    <ClInclude Include="Resource.h">
      <Filter>리소스 파일</Filter>
    </ClInclude>
    <ClInclude Include="DlgVisionInspectionLgaBottom2D.h">
      <Filter>다이얼로그</Filter>
    </ClInclude>
    <ClInclude Include="VisionInspectionLgaBottom2D.h">
      <Filter>소스 파일</Filter>
    </ClInclude>
    <ClInclude Include="VisionInspectionLgaBottom2DApp.h">
      <Filter>소스 파일</Filter>
    </ClInclude>
    <ClInclude Include="VisionInspectionLgaBottom2DPara.h">
      <Filter>소스 파일</Filter>
    </ClInclude>
    <ClInclude Include="LandInspectionResult.h">
      <Filter>소스 파일</Filter>
    </ClInclude>
    <ClInclude Include="DlgLandParameter.h">
      <Filter>다이얼로그</Filter>
    </ClInclude>
    <ClInclude Include="_buildsetup.h">
      <Filter>소스 파일</Filter>
    </ClInclude>
    <ClInclude Include="_libsetup.h">
      <Filter>소스 파일</Filter>
    </ClInclude>
  </ItemGroup>
  <ItemGroup>
    <Filter Include="소스 파일">
      <UniqueIdentifier>{86e8f231-ea08-459d-974d-38c3b87548c2}</UniqueIdentifier>
    </Filter>
    <Filter Include="리소스 파일">
      <UniqueIdentifier>{08109d24-8206-4be3-97c4-f3a6e52df4e5}</UniqueIdentifier>
    </Filter>
    <Filter Include="다이얼로그">
      <UniqueIdentifier>{b1d656d6-ac5a-46f6-9221-3183c72b5187}</UniqueIdentifier>
    </Filter>
  </ItemGroup>
  <ItemGroup>
    <None Include="VisionInspectionLgaBottom2D.def">
      <Filter>리소스 파일</Filter>
    </None>
    <None Include="res\VisionInspectionLgaBottom2D.rc2">
      <Filter>리소스 파일</Filter>
    </None>
  </ItemGroup>
  <ItemGroup>
    <ResourceCompile Include="VisionInspectionLgaBottom2D.rc">
      <Filter>리소스 파일</Filter>
    </ResourceCompile>
  </ItemGroup>
</Project>