<?xml version="1.0" encoding="utf-8"?>
<Project ToolsVersion="4.0" xmlns="http://schemas.microsoft.com/developer/msbuild/2003">
  <ItemGroup>
    <Filter Include="소스 파일">
      <UniqueIdentifier>{4FC737F1-C7A5-4376-A066-2A32D752A2FF}</UniqueIdentifier>
      <Extensions>cpp;c;cc;cxx;def;odl;idl;hpj;bat;asm;asmx</Extensions>
    </Filter>
    <Filter Include="헤더 파일">
      <UniqueIdentifier>{93995380-89BD-4b04-88EB-625FBE52EBFB}</UniqueIdentifier>
      <Extensions>h;hpp;hxx;hm;inl;inc;xsd</Extensions>
    </Filter>
    <Filter Include="리소스 파일">
      <UniqueIdentifier>{67DA6AB6-F800-4c08-8B7A-83BB121AAD01}</UniqueIdentifier>
      <Extensions>rc;ico;cur;bmp;dlg;rc2;rct;bin;rgs;gif;jpg;jpeg;jpe;resx;tiff;tif;png;wav</Extensions>
    </Filter>
    <Filter Include="Export">
      <UniqueIdentifier>{c062feb3-ba6b-41a9-8004-ebeffae6f9aa}</UniqueIdentifier>
    </Filter>
  </ItemGroup>
  <ItemGroup>
    <ClCompile Include="stdafx.cpp">
      <Filter>소스 파일</Filter>
    </ClCompile>
    <ClCompile Include="PacketMemFile.cpp">
      <Filter>소스 파일</Filter>
    </ClCompile>
    <ClCompile Include="Serializer.cpp">
      <Filter>소스 파일</Filter>
    </ClCompile>
    <ClCompile Include="Deserializer.cpp">
      <Filter>소스 파일</Filter>
    </ClCompile>
    <ClCompile Include="SerializationApp.cpp">
      <Filter>소스 파일</Filter>
    </ClCompile>
    <ClCompile Include="SerializeList.cpp">
      <Filter>소스 파일</Filter>
    </ClCompile>
    <ClCompile Include="SerializeMap.cpp">
      <Filter>소스 파일</Filter>
    </ClCompile>
    <ClCompile Include="SerializeVector.cpp">
      <Filter>소스 파일</Filter>
    </ClCompile>
  </ItemGroup>
  <ItemGroup>
    <ClInclude Include="Resource.h">
      <Filter>헤더 파일</Filter>
    </ClInclude>
    <ClInclude Include="stdafx.h">
      <Filter>헤더 파일</Filter>
    </ClInclude>
    <ClInclude Include="_buildsetup.h">
      <Filter>헤더 파일</Filter>
    </ClInclude>
    <ClInclude Include="PacketMemFile.h">
      <Filter>헤더 파일</Filter>
    </ClInclude>
    <ClInclude Include="Deserializer.h">
      <Filter>Export</Filter>
    </ClInclude>
    <ClInclude Include="Serializer.h">
      <Filter>Export</Filter>
    </ClInclude>
    <ClInclude Include="_libsetup.h">
      <Filter>Export</Filter>
    </ClInclude>
    <ClInclude Include="SerializeList.h">
      <Filter>Export</Filter>
    </ClInclude>
    <ClInclude Include="SerializeMap.h">
      <Filter>Export</Filter>
    </ClInclude>
    <ClInclude Include="SerializeVector.h">
      <Filter>Export</Filter>
    </ClInclude>
    <ClInclude Include="SerializationApp.h">
      <Filter>헤더 파일</Filter>
    </ClInclude>
  </ItemGroup>
  <ItemGroup>
    <Text Include="ReadMe.txt" />
  </ItemGroup>
  <ItemGroup>
    <None Include="res\Serialization.rc2">
      <Filter>리소스 파일</Filter>
    </None>
  </ItemGroup>
  <ItemGroup>
    <ResourceCompile Include="Serialization.rc">
      <Filter>리소스 파일</Filter>
    </ResourceCompile>
  </ItemGroup>
</Project>