<?xml version="1.0" encoding="utf-8"?>
<Project ToolsVersion="4.0" xmlns="http://schemas.microsoft.com/developer/msbuild/2003">
  <ItemGroup>
    <ClCompile Include="VisionCommonDebugInfoDlg.cpp">
      <Filter>소스 파일</Filter>
    </ClCompile>
    <ClCompile Include="VisionCommonDetailResultDlg.cpp">
      <Filter>소스 파일</Filter>
    </ClCompile>
    <ClCompile Include="VisionCommonLogDlg.cpp">
      <Filter>소스 파일</Filter>
    </ClCompile>
    <ClCompile Include="VisionCommonResultDlg.cpp">
      <Filter>소스 파일</Filter>
    </ClCompile>
    <ClCompile Include="VisionCommonSpecDlg.cpp">
      <Filter>소스 파일</Filter>
    </ClCompile>
    <ClCompile Include="VisionCommonDialogApp.cpp">
      <Filter>소스 파일</Filter>
    </ClCompile>
    <ClCompile Include="StdAfx.cpp">
      <Filter>소스 파일</Filter>
    </ClCompile>
    <ClCompile Include="VisionCommonTextResultDlg.cpp">
      <Filter>소스 파일</Filter>
    </ClCompile>
  </ItemGroup>
  <ItemGroup>
    <ClInclude Include="VisionCommonDebugInfoDlg.h">
      <Filter>Export</Filter>
    </ClInclude>
    <ClInclude Include="VisionCommonDetailResultDlg.h">
      <Filter>Export</Filter>
    </ClInclude>
    <ClInclude Include="VisionCommonLogDlg.h">
      <Filter>Export</Filter>
    </ClInclude>
    <ClInclude Include="VisionCommonResultDlg.h">
      <Filter>Export</Filter>
    </ClInclude>
    <ClInclude Include="VisionCommonSpecDlg.h">
      <Filter>Export</Filter>
    </ClInclude>
    <ClInclude Include="VisionCommonDialogApp.h">
      <Filter>헤더 파일</Filter>
    </ClInclude>
    <ClInclude Include="Resource.h">
      <Filter>헤더 파일</Filter>
    </ClInclude>
    <ClInclude Include="StdAfx.h">
      <Filter>헤더 파일</Filter>
    </ClInclude>
    <ClInclude Include="VisionCommonTextResultDlg.h">
      <Filter>Export</Filter>
    </ClInclude>
    <ClInclude Include="_libsetup.h">
      <Filter>Export</Filter>
    </ClInclude>
    <ClInclude Include="_buildsetup.h">
      <Filter>헤더 파일</Filter>
    </ClInclude>
  </ItemGroup>
  <ItemGroup>
    <Filter Include="Export">
      <UniqueIdentifier>{bf1b3b80-75b8-4d26-9079-cb24e5119ad8}</UniqueIdentifier>
    </Filter>
    <Filter Include="소스 파일">
      <UniqueIdentifier>{3708bcc4-4763-4a89-99f7-63b9be4112bd}</UniqueIdentifier>
    </Filter>
    <Filter Include="리소스 파일">
      <UniqueIdentifier>{dd989969-4ecf-4398-960d-cc0e1e8dc101}</UniqueIdentifier>
    </Filter>
    <Filter Include="헤더 파일">
      <UniqueIdentifier>{2edca777-2b77-4c48-92a6-c7ba92fd28dc}</UniqueIdentifier>
    </Filter>
  </ItemGroup>
  <ItemGroup>
    <ResourceCompile Include="VisionCommonDialog.rc">
      <Filter>리소스 파일</Filter>
    </ResourceCompile>
  </ItemGroup>
  <ItemGroup>
    <None Include="res\VisionCommonDialog.rc2">
      <Filter>리소스 파일</Filter>
    </None>
  </ItemGroup>
</Project>