<?xml version="1.0" encoding="utf-8"?>
<Project ToolsVersion="4.0" xmlns="http://schemas.microsoft.com/developer/msbuild/2003">
  <ItemGroup>
    <ClCompile Include="DlgVisionInlineUI.cpp">
      <Filter>다이얼로그</Filter>
    </ClCompile>
    <ClCompile Include="VisionInlineUI.cpp">
      <Filter>소스 파일</Filter>
    </ClCompile>
    <ClCompile Include="VisionInlineUIApp.cpp">
      <Filter>소스 파일</Filter>
    </ClCompile>
    <ClCompile Include="stdafx.cpp">
      <Filter>소스 파일</Filter>
    </ClCompile>
  </ItemGroup>
  <ItemGroup>
    <ClInclude Include="DlgVisionInlineUI.h">
      <Filter>다이얼로그</Filter>
    </ClInclude>
    <ClInclude Include="VisionInlineUI.h">
      <Filter>소스 파일</Filter>
    </ClInclude>
    <ClInclude Include="VisionInlineUIApp.h">
      <Filter>소스 파일</Filter>
    </ClInclude>
    <ClInclude Include="Resource.h">
      <Filter>리소스 파일</Filter>
    </ClInclude>
    <ClInclude Include="stdafx.h">
      <Filter>소스 파일</Filter>
    </ClInclude>
    <ClInclude Include="MachineVisionCollectInfo.h">
      <Filter>소스 파일</Filter>
    </ClInclude>
    <ClInclude Include="_buildsetup.h">
      <Filter>소스 파일</Filter>
    </ClInclude>
    <ClInclude Include="_libsetup.h">
      <Filter>소스 파일</Filter>
    </ClInclude>
  </ItemGroup>
  <ItemGroup>
    <None Include="VisionInlineUI.def">
      <Filter>리소스 파일</Filter>
    </None>
    <None Include="res\VisionInlineUI.rc2">
      <Filter>리소스 파일</Filter>
    </None>
  </ItemGroup>
  <ItemGroup>
    <Filter Include="다이얼로그">
      <UniqueIdentifier>{56d08df3-1140-41f5-ac8a-9cc3cef03e41}</UniqueIdentifier>
    </Filter>
    <Filter Include="리소스 파일">
      <UniqueIdentifier>{aa932d08-3a80-4b09-ac5f-4889f2ff2232}</UniqueIdentifier>
    </Filter>
    <Filter Include="소스 파일">
      <UniqueIdentifier>{7f334ce1-2d39-4aca-af7a-672ffb38a62e}</UniqueIdentifier>
    </Filter>
  </ItemGroup>
  <ItemGroup>
    <ResourceCompile Include="VisionInlineUI.rc">
      <Filter>리소스 파일</Filter>
    </ResourceCompile>
  </ItemGroup>
</Project>