<?xml version="1.0" encoding="utf-8"?>
<Project ToolsVersion="4.0" xmlns="http://schemas.microsoft.com/developer/msbuild/2003">
  <ItemGroup>
    <ClCompile Include="DlgVisionProcessingOtherAlign.cpp">
      <Filter>다이얼로그</Filter>
    </ClCompile>
    <ClCompile Include="stdafx.cpp">
      <Filter>소스 파일</Filter>
    </ClCompile>
    <ClCompile Include="VisionProcessingOtherAlign.cpp">
      <Filter>소스 파일</Filter>
    </ClCompile>
    <ClCompile Include="VisionProcessingOtherAlignApp.cpp">
      <Filter>소스 파일</Filter>
    </ClCompile>
    <ClCompile Include="VisionProcessingOtherAlignInsp.cpp">
      <Filter>소스 파일</Filter>
    </ClCompile>
    <ClCompile Include="VisionProcessingOtherAlignPara.cpp">
      <Filter>소스 파일</Filter>
    </ClCompile>
  </ItemGroup>
  <ItemGroup>
    <ClInclude Include="DlgVisionProcessingOtherAlign.h">
      <Filter>다이얼로그</Filter>
    </ClInclude>
    <ClInclude Include="stdafx.h">
      <Filter>소스 파일</Filter>
    </ClInclude>
    <ClInclude Include="VisionProcessingOtherAlign.h">
      <Filter>소스 파일</Filter>
    </ClInclude>
    <ClInclude Include="VisionProcessingOtherAlignApp.h">
      <Filter>소스 파일</Filter>
    </ClInclude>
    <ClInclude Include="VisionProcessingOtherAlignPara.h">
      <Filter>소스 파일</Filter>
    </ClInclude>
    <ClInclude Include="Resource.h">
      <Filter>리소스 파일</Filter>
    </ClInclude>
    <ClInclude Include="_buildsetup.h">
      <Filter>소스 파일</Filter>
    </ClInclude>
    <ClInclude Include="_libsetup.h">
      <Filter>소스 파일</Filter>
    </ClInclude>
  </ItemGroup>
  <ItemGroup>
    <None Include="VisionProcessingOtherAlign.def">
      <Filter>리소스 파일</Filter>
    </None>
    <None Include="res\VisionProcessingOtherAlign.rc2">
      <Filter>리소스 파일</Filter>
    </None>
  </ItemGroup>
  <ItemGroup>
    <Filter Include="다이얼로그">
      <UniqueIdentifier>{72ab5464-553a-4235-935a-25c63c191d5f}</UniqueIdentifier>
    </Filter>
    <Filter Include="소스 파일">
      <UniqueIdentifier>{9d4601b3-ffc5-42c1-95d6-61c29352b9d5}</UniqueIdentifier>
    </Filter>
    <Filter Include="리소스 파일">
      <UniqueIdentifier>{0b1c599c-56a2-4c88-a076-7e576567d2cb}</UniqueIdentifier>
    </Filter>
  </ItemGroup>
  <ItemGroup>
    <ResourceCompile Include="VisionProcessingOtherAlign.rc">
      <Filter>리소스 파일</Filter>
    </ResourceCompile>
  </ItemGroup>
</Project>