<?xml version="1.0" encoding="utf-8"?>
<Project ToolsVersion="4.0" xmlns="http://schemas.microsoft.com/developer/msbuild/2003">
  <ItemGroup>
    <Filter Include="소스 파일">
      <UniqueIdentifier>{164c26c1-4201-4ee5-bb15-3ef5a2736455}</UniqueIdentifier>
    </Filter>
    <Filter Include="리소스 파일">
      <UniqueIdentifier>{d015cb58-8452-4b07-b309-54d88fcc5be9}</UniqueIdentifier>
    </Filter>
    <Filter Include="다이얼로그">
      <UniqueIdentifier>{50913da8-d5e5-4dec-ad78-29884f9a1646}</UniqueIdentifier>
    </Filter>
  </ItemGroup>
  <ItemGroup>
    <ClCompile Include="stdafx.cpp">
      <Filter>소스 파일</Filter>
    </ClCompile>
    <ClCompile Include="Result.cpp">
      <Filter>소스 파일</Filter>
    </ClCompile>
    <ClCompile Include="DlgVisionProcessingFiducialAlign.cpp">
      <Filter>다이얼로그</Filter>
    </ClCompile>
    <ClCompile Include="VisionProcessingFiducialAlign.cpp">
      <Filter>소스 파일</Filter>
    </ClCompile>
    <ClCompile Include="VisionProcessingFiducialAlignApp.cpp">
      <Filter>소스 파일</Filter>
    </ClCompile>
    <ClCompile Include="VisionProcessingFiducialAlignInsp.cpp">
      <Filter>소스 파일</Filter>
    </ClCompile>
    <ClCompile Include="VisionProcessingFiducialAlignPara.cpp">
      <Filter>소스 파일</Filter>
    </ClCompile>
  </ItemGroup>
  <ItemGroup>
    <ClInclude Include="stdafx.h">
      <Filter>소스 파일</Filter>
    </ClInclude>
    <ClInclude Include="resource.h">
      <Filter>리소스 파일</Filter>
    </ClInclude>
    <ClInclude Include="Result.h">
      <Filter>소스 파일</Filter>
    </ClInclude>
    <ClInclude Include="DlgVisionProcessingFiducialAlign.h">
      <Filter>다이얼로그</Filter>
    </ClInclude>
    <ClInclude Include="_buildsetup.h">
      <Filter>소스 파일</Filter>
    </ClInclude>
    <ClInclude Include="_libsetup.h">
      <Filter>소스 파일</Filter>
    </ClInclude>
    <ClInclude Include="VisionProcessingFiducialAlign.h">
      <Filter>소스 파일</Filter>
    </ClInclude>
    <ClInclude Include="VisionProcessingFiducialAlignApp.h">
      <Filter>소스 파일</Filter>
    </ClInclude>
    <ClInclude Include="VisionProcessingFiducialAlignPara.h">
      <Filter>소스 파일</Filter>
    </ClInclude>
  </ItemGroup>
  <ItemGroup>
    <ResourceCompile Include="VisionProcessingFiducialAlign.rc">
      <Filter>리소스 파일</Filter>
    </ResourceCompile>
  </ItemGroup>
  <ItemGroup>
    <None Include="VisionProcessingFiducialAlign.def">
      <Filter>리소스 파일</Filter>
    </None>
    <None Include="res\VisionProcessingFiducialAlign.rc2">
      <Filter>리소스 파일</Filter>
    </None>
  </ItemGroup>
</Project>