<?xml version="1.0" encoding="utf-8"?>
<Project ToolsVersion="4.0" xmlns="http://schemas.microsoft.com/developer/msbuild/2003">
  <ItemGroup>
    <Filter Include="소스 파일">
      <UniqueIdentifier>{4FC737F1-C7A5-4376-A066-2A32D752A2FF}</UniqueIdentifier>
      <Extensions>cpp;c;cc;cxx;def;odl;idl;hpj;bat;asm;asmx</Extensions>
    </Filter>
    <Filter Include="리소스 파일">
      <UniqueIdentifier>{67DA6AB6-F800-4c08-8B7A-83BB121AAD01}</UniqueIdentifier>
      <Extensions>rc;ico;cur;bmp;dlg;rc2;rct;bin;rgs;gif;jpg;jpeg;jpe;resx;tiff;tif;png;wav</Extensions>
    </Filter>
    <Filter Include="Dialog">
      <UniqueIdentifier>{ff1830de-2ce5-4b78-89d9-b2edd8ed800c}</UniqueIdentifier>
    </Filter>
    <Filter Include="CustomItems">
      <UniqueIdentifier>{4716efa9-f708-4688-8fe0-e0767303fec7}</UniqueIdentifier>
    </Filter>
  </ItemGroup>
  <ItemGroup>
    <ClCompile Include="ComponentAlign.cpp">
      <Filter>소스 파일</Filter>
    </ClCompile>
    <ClCompile Include="stdafx.cpp">
      <Filter>소스 파일</Filter>
    </ClCompile>
    <ClCompile Include="VisionInspectionComponent3D.cpp">
      <Filter>소스 파일</Filter>
    </ClCompile>
    <ClCompile Include="VisionInspectionComponent3DApp.cpp">
      <Filter>소스 파일</Filter>
    </ClCompile>
    <ClCompile Include="VisionInspectionComponent3DInsp.cpp">
      <Filter>소스 파일</Filter>
    </ClCompile>
    <ClCompile Include="VisionInspectionComponent3DPara.cpp">
      <Filter>소스 파일</Filter>
    </ClCompile>
    <ClCompile Include="Dlg3DSpecDB.cpp">
      <Filter>Dialog</Filter>
    </ClCompile>
    <ClCompile Include="Dlg3DView.cpp">
      <Filter>Dialog</Filter>
    </ClCompile>
    <ClCompile Include="DlgChangeSpecName3D.cpp">
      <Filter>Dialog</Filter>
    </ClCompile>
    <ClCompile Include="DlgComponentAlign.cpp">
      <Filter>Dialog</Filter>
    </ClCompile>
    <ClCompile Include="DlgHistogramView.cpp">
      <Filter>Dialog</Filter>
    </ClCompile>
    <ClCompile Include="DlgVisionInspectionComponent3D.cpp">
      <Filter>Dialog</Filter>
    </ClCompile>
    <ClCompile Include="CustomItems.cpp">
      <Filter>CustomItems</Filter>
    </ClCompile>
    <ClCompile Include="Passive3DAlgorithm.cpp">
      <Filter>소스 파일</Filter>
    </ClCompile>
  </ItemGroup>
  <ItemGroup>
    <None Include="VisionInspectionComponent3D.def">
      <Filter>소스 파일</Filter>
    </None>
    <None Include="res\VisionInspectionComponent3D.rc2">
      <Filter>리소스 파일</Filter>
    </None>
  </ItemGroup>
  <ItemGroup>
    <ClInclude Include="Dlg3DSpecDB.h">
      <Filter>Dialog</Filter>
    </ClInclude>
    <ClInclude Include="Dlg3DView.h">
      <Filter>Dialog</Filter>
    </ClInclude>
    <ClInclude Include="DlgChangeSpecName3D.h">
      <Filter>Dialog</Filter>
    </ClInclude>
    <ClInclude Include="DlgComponentAlign.h">
      <Filter>Dialog</Filter>
    </ClInclude>
    <ClInclude Include="DlgHistogramView.h">
      <Filter>Dialog</Filter>
    </ClInclude>
    <ClInclude Include="DlgVisionInspectionComponent3D.h">
      <Filter>Dialog</Filter>
    </ClInclude>
    <ClInclude Include="CustomItems.h">
      <Filter>CustomItems</Filter>
    </ClInclude>
    <ClInclude Include="Passive3DAlgorithm.h">
      <Filter>소스 파일</Filter>
    </ClInclude>
    <ClInclude Include="Resource.h">
      <Filter>리소스 파일</Filter>
    </ClInclude>
    <ClInclude Include="ComponentAlign.h">
      <Filter>소스 파일</Filter>
    </ClInclude>
    <ClInclude Include="stdafx.h">
      <Filter>소스 파일</Filter>
    </ClInclude>
    <ClInclude Include="VisionInspectionComponent3D.h">
      <Filter>소스 파일</Filter>
    </ClInclude>
    <ClInclude Include="VisionInspectionComponent3DApp.h">
      <Filter>소스 파일</Filter>
    </ClInclude>
    <ClInclude Include="VisionInspectionComponent3DPara.h">
      <Filter>소스 파일</Filter>
    </ClInclude>
    <ClInclude Include="_buildsetup.h">
      <Filter>소스 파일</Filter>
    </ClInclude>
    <ClInclude Include="_libsetup.h">
      <Filter>소스 파일</Filter>
    </ClInclude>
  </ItemGroup>
  <ItemGroup>
    <ResourceCompile Include="VisionInspectionComponent3D.rc">
      <Filter>리소스 파일</Filter>
    </ResourceCompile>
  </ItemGroup>
</Project>